// !$*UTF8*$!
{
	archiveVersion = 1;
	classes = {
	};
	objectVersion = 46;
	objects = {

/* Begin PBXBuildFile section */
		26744EAF180667C200C26068 /* FuzzExpDistortion.mm in Sources */ = {isa = PBXBuildFile; fileRef = 26744EAE180667C200C26068 /* FuzzExpDistortion.mm */; };
		26C3F8FD1810DA6B00744A9D /* SoftClippingOverdrive.mm in Sources */ = {isa = PBXBuildFile; fileRef = 26C3F8FC1810DA6B00744A9D /* SoftClippingOverdrive.mm */; };
		26C3F8FF1810DB7C00744A9D /* HardCutOffDistortion.mm in Sources */ = {isa = PBXBuildFile; fileRef = 26C3F8FE1810DB7C00744A9D /* HardCutOffDistortion.mm */; };
		26C3F9011810DBF600744A9D /* ButterWorthFilter.mm in Sources */ = {isa = PBXBuildFile; fileRef = 26C3F9001810DBF600744A9D /* ButterWorthFilter.mm */; };
		26C3F9031810DD2000744A9D /* Overdrive.mm in Sources */ = {isa = PBXBuildFile; fileRef = 26C3F9021810DD2000744A9D /* Overdrive.mm */; };
		26C3F9051810DDC000744A9D /* ButterWorthFilterElement.mm in Sources */ = {isa = PBXBuildFile; fileRef = 26C3F9041810DDC000744A9D /* ButterWorthFilterElement.mm */; };
		26C3F9071810DFED00744A9D /* Parameter.mm in Sources */ = {isa = PBXBuildFile; fileRef = 26C3F9061810DFED00744A9D /* Parameter.mm */; };
		26C3F9091810E0C900744A9D /* Reverb.mm in Sources */ = {isa = PBXBuildFile; fileRef = 26C3F9081810E0C900744A9D /* Reverb.mm */; };
		26C3F90B1810E2F800744A9D /* ChorusEffect.mm in Sources */ = {isa = PBXBuildFile; fileRef = 26C3F90A1810E2F800744A9D /* ChorusEffect.mm */; };
		26C3F90D1810E39300744A9D /* DelayEffect.mm in Sources */ = {isa = PBXBuildFile; fileRef = 26C3F90C1810E39300744A9D /* DelayEffect.mm */; };
		26C3F90F1810E8CC00744A9D /* DiffusionTank.mm in Sources */ = {isa = PBXBuildFile; fileRef = 26C3F90E1810E8CC00744A9D /* DiffusionTank.mm */; };
		26C3F9111810E92E00744A9D /* Effect.mm in Sources */ = {isa = PBXBuildFile; fileRef = 26C3F9101810E92E00744A9D /* Effect.mm */; };
		26C3F9131810E9FD00744A9D /* TanhDistortion.mm in Sources */ = {isa = PBXBuildFile; fileRef = 26C3F9121810E9FD00744A9D /* TanhDistortion.mm */; };
		26C3F9151810EC1500744A9D /* EnvelopeFollower.mm in Sources */ = {isa = PBXBuildFile; fileRef = 26C3F9141810EC1500744A9D /* EnvelopeFollower.mm */; };
		26C3F9171810ED7B00744A9D /* FirstOrderFilter.mm in Sources */ = {isa = PBXBuildFile; fileRef = 26C3F9161810ED7B00744A9D /* FirstOrderFilter.mm */; };
		26C3F9191810EE1400744A9D /* KSObject.mm in Sources */ = {isa = PBXBuildFile; fileRef = 26C3F9181810EE1400744A9D /* KSObject.mm */; };
		26C3F91B1810F0FE00744A9D /* LocalMax.mm in Sources */ = {isa = PBXBuildFile; fileRef = 26C3F91A1810F0FE00744A9D /* LocalMax.mm */; };
		26C3F91D1810F14300744A9D /* Compressor.mm in Sources */ = {isa = PBXBuildFile; fileRef = 26C3F91C1810F14300744A9D /* Compressor.mm */; };
		26C3F91F1810F19700744A9D /* Distortion.mm in Sources */ = {isa = PBXBuildFile; fileRef = 26C3F91E1810F19700744A9D /* Distortion.mm */; };
		26F85ED218146C8C00326CE7 /* libstdc++.dylib in Frameworks */ = {isa = PBXBuildFile; fileRef = 26C3F9221810F81800744A9D /* libstdc++.dylib */; };
		EC7A0DC3161A4AD3005BF0E5 /* Foundation.framework in Frameworks */ = {isa = PBXBuildFile; fileRef = EC7A0DC2161A4AD3005BF0E5 /* Foundation.framework */; };
		EC7A0DD6161A4B37005BF0E5 /* AudioController.h in Headers */ = {isa = PBXBuildFile; fileRef = EC7A0DD2161A4B37005BF0E5 /* AudioController.h */; settings = {ATTRIBUTES = (Public, ); }; };
		EC7A0DD7161A4B37005BF0E5 /* AudioController.mm in Sources */ = {isa = PBXBuildFile; fileRef = EC7A0DD3161A4B37005BF0E5 /* AudioController.mm */; };
		EC7A0DD8161A4B37005BF0E5 /* Sampler.h in Headers */ = {isa = PBXBuildFile; fileRef = EC7A0DD4161A4B37005BF0E5 /* Sampler.h */; };
		EC7A0DD9161A4B37005BF0E5 /* Sampler.mm in Sources */ = {isa = PBXBuildFile; fileRef = EC7A0DD5161A4B37005BF0E5 /* Sampler.mm */; };
		EC7A0DE0161A4BAF005BF0E5 /* CAStreamBasicDescription.cpp in Sources */ = {isa = PBXBuildFile; fileRef = EC7A0DDB161A4BAF005BF0E5 /* CAStreamBasicDescription.cpp */; };
		EC7A0DE1161A4BAF005BF0E5 /* CAStreamBasicDescription.h in Headers */ = {isa = PBXBuildFile; fileRef = EC7A0DDC161A4BAF005BF0E5 /* CAStreamBasicDescription.h */; };
		EC7A0DE2161A4BAF005BF0E5 /* CADebugMacros.h in Headers */ = {isa = PBXBuildFile; fileRef = EC7A0DDD161A4BAF005BF0E5 /* CADebugMacros.h */; };
		EC7A0DE3161A4BAF005BF0E5 /* CAMath.h in Headers */ = {isa = PBXBuildFile; fileRef = EC7A0DDE161A4BAF005BF0E5 /* CAMath.h */; };
		EC7A0DE4161A4BAF005BF0E5 /* CAXException.h in Headers */ = {isa = PBXBuildFile; fileRef = EC7A0DDF161A4BAF005BF0E5 /* CAXException.h */; };
		EC7A0DF9161A4BCC005BF0E5 /* ButterWorthFilter.h in Headers */ = {isa = PBXBuildFile; fileRef = EC7A0DE6161A4BCC005BF0E5 /* ButterWorthFilter.h */; };
		EC7A0DFA161A4BCC005BF0E5 /* ButterWorthFilterElement.h in Headers */ = {isa = PBXBuildFile; fileRef = EC7A0DE7161A4BCC005BF0E5 /* ButterWorthFilterElement.h */; };
		EC7A0DFB161A4BCC005BF0E5 /* ChorusEffect.h in Headers */ = {isa = PBXBuildFile; fileRef = EC7A0DE8161A4BCC005BF0E5 /* ChorusEffect.h */; };
		EC7A0DFC161A4BCC005BF0E5 /* DelayEffect.h in Headers */ = {isa = PBXBuildFile; fileRef = EC7A0DE9161A4BCC005BF0E5 /* DelayEffect.h */; };
		EC7A0DFD161A4BCC005BF0E5 /* DiffusionTank.h in Headers */ = {isa = PBXBuildFile; fileRef = EC7A0DEA161A4BCC005BF0E5 /* DiffusionTank.h */; };
		EC7A0DFE161A4BCC005BF0E5 /* Effect.h in Headers */ = {isa = PBXBuildFile; fileRef = EC7A0DEB161A4BCC005BF0E5 /* Effect.h */; settings = {ATTRIBUTES = (Public, ); }; };
		EC7A0DFF161A4BCC005BF0E5 /* FirstOrderFilter.h in Headers */ = {isa = PBXBuildFile; fileRef = EC7A0DEC161A4BCC005BF0E5 /* FirstOrderFilter.h */; };
		EC7A0E00161A4BCC005BF0E5 /* FuzzExpDistortion.h in Headers */ = {isa = PBXBuildFile; fileRef = EC7A0DED161A4BCC005BF0E5 /* FuzzExpDistortion.h */; };
		EC7A0E01161A4BCC005BF0E5 /* HardCutoffDistortion.h in Headers */ = {isa = PBXBuildFile; fileRef = EC7A0DEE161A4BCC005BF0E5 /* HardCutoffDistortion.h */; };
		EC7A0E02161A4BCC005BF0E5 /* KSObject.h in Headers */ = {isa = PBXBuildFile; fileRef = EC7A0DEF161A4BCC005BF0E5 /* KSObject.h */; };
		EC7A0E03161A4BCC005BF0E5 /* LocalMax.h in Headers */ = {isa = PBXBuildFile; fileRef = EC7A0DF0161A4BCC005BF0E5 /* LocalMax.h */; };
		EC7A0E04161A4BCC005BF0E5 /* Overdrive.h in Headers */ = {isa = PBXBuildFile; fileRef = EC7A0DF1161A4BCC005BF0E5 /* Overdrive.h */; };
		EC7A0E05161A4BCC005BF0E5 /* Parameter.h in Headers */ = {isa = PBXBuildFile; fileRef = EC7A0DF2161A4BCC005BF0E5 /* Parameter.h */; settings = {ATTRIBUTES = (Public, ); }; };
		EC7A0E06161A4BCC005BF0E5 /* Reverb.h in Headers */ = {isa = PBXBuildFile; fileRef = EC7A0DF3161A4BCC005BF0E5 /* Reverb.h */; };
		EC7A0E07161A4BCC005BF0E5 /* SoftClippingOverdrive.h in Headers */ = {isa = PBXBuildFile; fileRef = EC7A0DF4161A4BCC005BF0E5 /* SoftClippingOverdrive.h */; };
		EC7A0E08161A4BCC005BF0E5 /* TanhDistortion.h in Headers */ = {isa = PBXBuildFile; fileRef = EC7A0DF5161A4BCC005BF0E5 /* TanhDistortion.h */; };
		EC7A0E09161A4BCC005BF0E5 /* EnvelopeFollower.h in Headers */ = {isa = PBXBuildFile; fileRef = EC7A0DF6161A4BCC005BF0E5 /* EnvelopeFollower.h */; };
		EC7A0E0A161A4BCC005BF0E5 /* Compressor.h in Headers */ = {isa = PBXBuildFile; fileRef = EC7A0DF7161A4BCC005BF0E5 /* Compressor.h */; };
		EC7A0E0B161A4BCC005BF0E5 /* Distortion.h in Headers */ = {isa = PBXBuildFile; fileRef = EC7A0DF8161A4BCC005BF0E5 /* Distortion.h */; };
		EC7A0E0D161A4C0A005BF0E5 /* AudioToolbox.framework in Frameworks */ = {isa = PBXBuildFile; fileRef = EC7A0E0C161A4C0A005BF0E5 /* AudioToolbox.framework */; };
		ECC11DAF162CEC0E001A231A /* AudioController.mm in Sources */ = {isa = PBXBuildFile; fileRef = EC7A0DD3161A4B37005BF0E5 /* AudioController.mm */; };
		ECC11DB0162CEC0E001A231A /* Sampler.mm in Sources */ = {isa = PBXBuildFile; fileRef = EC7A0DD5161A4B37005BF0E5 /* Sampler.mm */; };
		ECC11DB1162CEC0E001A231A /* CAStreamBasicDescription.cpp in Sources */ = {isa = PBXBuildFile; fileRef = EC7A0DDB161A4BAF005BF0E5 /* CAStreamBasicDescription.cpp */; };
		ECC11DB3162CEC0E001A231A /* AudioToolbox.framework in Frameworks */ = {isa = PBXBuildFile; fileRef = EC7A0E0C161A4C0A005BF0E5 /* AudioToolbox.framework */; };
		ECC11DB4162CEC0E001A231A /* Foundation.framework in Frameworks */ = {isa = PBXBuildFile; fileRef = EC7A0DC2161A4AD3005BF0E5 /* Foundation.framework */; };
		ECC11DB6162CEC0E001A231A /* AudioController.h in Headers */ = {isa = PBXBuildFile; fileRef = EC7A0DD2161A4B37005BF0E5 /* AudioController.h */; settings = {ATTRIBUTES = (Public, ); }; };
		ECC11DB7162CEC0E001A231A /* Effect.h in Headers */ = {isa = PBXBuildFile; fileRef = EC7A0DEB161A4BCC005BF0E5 /* Effect.h */; settings = {ATTRIBUTES = (Public, ); }; };
		ECC11DB8162CEC0E001A231A /* Parameter.h in Headers */ = {isa = PBXBuildFile; fileRef = EC7A0DF2161A4BCC005BF0E5 /* Parameter.h */; settings = {ATTRIBUTES = (Public, ); }; };
		ECC11DB9162CEC0E001A231A /* Sampler.h in Headers */ = {isa = PBXBuildFile; fileRef = EC7A0DD4161A4B37005BF0E5 /* Sampler.h */; };
		ECC11DBA162CEC0E001A231A /* CAStreamBasicDescription.h in Headers */ = {isa = PBXBuildFile; fileRef = EC7A0DDC161A4BAF005BF0E5 /* CAStreamBasicDescription.h */; };
		ECC11DBB162CEC0E001A231A /* CADebugMacros.h in Headers */ = {isa = PBXBuildFile; fileRef = EC7A0DDD161A4BAF005BF0E5 /* CADebugMacros.h */; };
		ECC11DBC162CEC0E001A231A /* CAMath.h in Headers */ = {isa = PBXBuildFile; fileRef = EC7A0DDE161A4BAF005BF0E5 /* CAMath.h */; };
		ECC11DBD162CEC0E001A231A /* CAXException.h in Headers */ = {isa = PBXBuildFile; fileRef = EC7A0DDF161A4BAF005BF0E5 /* CAXException.h */; };
		ECC11DBE162CEC0E001A231A /* ButterWorthFilter.h in Headers */ = {isa = PBXBuildFile; fileRef = EC7A0DE6161A4BCC005BF0E5 /* ButterWorthFilter.h */; };
		ECC11DBF162CEC0E001A231A /* ButterWorthFilterElement.h in Headers */ = {isa = PBXBuildFile; fileRef = EC7A0DE7161A4BCC005BF0E5 /* ButterWorthFilterElement.h */; };
		ECC11DC0162CEC0E001A231A /* ChorusEffect.h in Headers */ = {isa = PBXBuildFile; fileRef = EC7A0DE8161A4BCC005BF0E5 /* ChorusEffect.h */; };
		ECC11DC1162CEC0E001A231A /* DelayEffect.h in Headers */ = {isa = PBXBuildFile; fileRef = EC7A0DE9161A4BCC005BF0E5 /* DelayEffect.h */; };
		ECC11DC2162CEC0E001A231A /* DiffusionTank.h in Headers */ = {isa = PBXBuildFile; fileRef = EC7A0DEA161A4BCC005BF0E5 /* DiffusionTank.h */; };
		ECC11DC3162CEC0E001A231A /* FirstOrderFilter.h in Headers */ = {isa = PBXBuildFile; fileRef = EC7A0DEC161A4BCC005BF0E5 /* FirstOrderFilter.h */; };
		ECC11DC4162CEC0E001A231A /* FuzzExpDistortion.h in Headers */ = {isa = PBXBuildFile; fileRef = EC7A0DED161A4BCC005BF0E5 /* FuzzExpDistortion.h */; };
		ECC11DC5162CEC0E001A231A /* HardCutoffDistortion.h in Headers */ = {isa = PBXBuildFile; fileRef = EC7A0DEE161A4BCC005BF0E5 /* HardCutoffDistortion.h */; };
		ECC11DC6162CEC0E001A231A /* KSObject.h in Headers */ = {isa = PBXBuildFile; fileRef = EC7A0DEF161A4BCC005BF0E5 /* KSObject.h */; };
		ECC11DC7162CEC0E001A231A /* LocalMax.h in Headers */ = {isa = PBXBuildFile; fileRef = EC7A0DF0161A4BCC005BF0E5 /* LocalMax.h */; };
		ECC11DC8162CEC0E001A231A /* Overdrive.h in Headers */ = {isa = PBXBuildFile; fileRef = EC7A0DF1161A4BCC005BF0E5 /* Overdrive.h */; };
		ECC11DC9162CEC0E001A231A /* Reverb.h in Headers */ = {isa = PBXBuildFile; fileRef = EC7A0DF3161A4BCC005BF0E5 /* Reverb.h */; };
		ECC11DCA162CEC0E001A231A /* SoftClippingOverdrive.h in Headers */ = {isa = PBXBuildFile; fileRef = EC7A0DF4161A4BCC005BF0E5 /* SoftClippingOverdrive.h */; };
		ECC11DCB162CEC0E001A231A /* TanhDistortion.h in Headers */ = {isa = PBXBuildFile; fileRef = EC7A0DF5161A4BCC005BF0E5 /* TanhDistortion.h */; };
		ECC11DCC162CEC0E001A231A /* EnvelopeFollower.h in Headers */ = {isa = PBXBuildFile; fileRef = EC7A0DF6161A4BCC005BF0E5 /* EnvelopeFollower.h */; };
		ECC11DCD162CEC0E001A231A /* Compressor.h in Headers */ = {isa = PBXBuildFile; fileRef = EC7A0DF7161A4BCC005BF0E5 /* Compressor.h */; };
		ECC11DCE162CEC0E001A231A /* Distortion.h in Headers */ = {isa = PBXBuildFile; fileRef = EC7A0DF8161A4BCC005BF0E5 /* Distortion.h */; };
		ECC11DD0162CEC0E001A231A /* Effect.h in Copy Files */ = {isa = PBXBuildFile; fileRef = EC7A0DEB161A4BCC005BF0E5 /* Effect.h */; };
		ECC11DD1162CEC0E001A231A /* Parameter.h in Copy Files */ = {isa = PBXBuildFile; fileRef = EC7A0DF2161A4BCC005BF0E5 /* Parameter.h */; };
		ECC11DD2162CEC0E001A231A /* AudioController.h in Copy Files */ = {isa = PBXBuildFile; fileRef = EC7A0DD2161A4B37005BF0E5 /* AudioController.h */; };
		ECC11DD3162CEC0E001A231A /* libAudioController.a in Copy Files */ = {isa = PBXBuildFile; fileRef = EC7A0DBF161A4AD3005BF0E5 /* libAudioController.a */; };
/* End PBXBuildFile section */

/* Begin PBXCopyFilesBuildPhase section */
		ECC11DCF162CEC0E001A231A /* Copy Files */ = {
			isa = PBXCopyFilesBuildPhase;
			buildActionMask = 2147483647;
			dstPath = "include/$(PRODUCT_NAME)";
			dstSubfolderSpec = 16;
			files = (
				ECC11DD0162CEC0E001A231A /* Effect.h in Copy Files */,
				ECC11DD1162CEC0E001A231A /* Parameter.h in Copy Files */,
				ECC11DD2162CEC0E001A231A /* AudioController.h in Copy Files */,
				ECC11DD3162CEC0E001A231A /* libAudioController.a in Copy Files */,
			);
			name = "Copy Files";
			runOnlyForDeploymentPostprocessing = 0;
		};
/* End PBXCopyFilesBuildPhase section */

/* Begin PBXFileReference section */
		26744EAE180667C200C26068 /* FuzzExpDistortion.mm */ = {isa = PBXFileReference; fileEncoding = 4; lastKnownFileType = sourcecode.cpp.objcpp; path = FuzzExpDistortion.mm; sourceTree = "<group>"; };
		268E70C31810ADCA007404B0 /* libc++.dylib */ = {isa = PBXFileReference; lastKnownFileType = "compiled.mach-o.dylib"; name = "libc++.dylib"; path = "usr/lib/libc++.dylib"; sourceTree = SDKROOT; };
		26C3F8FC1810DA6B00744A9D /* SoftClippingOverdrive.mm */ = {isa = PBXFileReference; fileEncoding = 4; lastKnownFileType = sourcecode.cpp.objcpp; path = SoftClippingOverdrive.mm; sourceTree = "<group>"; };
		26C3F8FE1810DB7C00744A9D /* HardCutOffDistortion.mm */ = {isa = PBXFileReference; fileEncoding = 4; lastKnownFileType = sourcecode.cpp.objcpp; path = HardCutOffDistortion.mm; sourceTree = "<group>"; };
		26C3F9001810DBF600744A9D /* ButterWorthFilter.mm */ = {isa = PBXFileReference; fileEncoding = 4; lastKnownFileType = sourcecode.cpp.objcpp; path = ButterWorthFilter.mm; sourceTree = "<group>"; };
		26C3F9021810DD2000744A9D /* Overdrive.mm */ = {isa = PBXFileReference; fileEncoding = 4; lastKnownFileType = sourcecode.cpp.objcpp; path = Overdrive.mm; sourceTree = "<group>"; };
		26C3F9041810DDC000744A9D /* ButterWorthFilterElement.mm */ = {isa = PBXFileReference; fileEncoding = 4; lastKnownFileType = sourcecode.cpp.objcpp; path = ButterWorthFilterElement.mm; sourceTree = "<group>"; };
		26C3F9061810DFED00744A9D /* Parameter.mm */ = {isa = PBXFileReference; fileEncoding = 4; lastKnownFileType = sourcecode.cpp.objcpp; path = Parameter.mm; sourceTree = "<group>"; };
		26C3F9081810E0C900744A9D /* Reverb.mm */ = {isa = PBXFileReference; fileEncoding = 4; lastKnownFileType = sourcecode.cpp.objcpp; path = Reverb.mm; sourceTree = "<group>"; };
		26C3F90A1810E2F800744A9D /* ChorusEffect.mm */ = {isa = PBXFileReference; fileEncoding = 4; lastKnownFileType = sourcecode.cpp.objcpp; path = ChorusEffect.mm; sourceTree = "<group>"; };
		26C3F90C1810E39300744A9D /* DelayEffect.mm */ = {isa = PBXFileReference; fileEncoding = 4; lastKnownFileType = sourcecode.cpp.objcpp; path = DelayEffect.mm; sourceTree = "<group>"; };
		26C3F90E1810E8CC00744A9D /* DiffusionTank.mm */ = {isa = PBXFileReference; fileEncoding = 4; lastKnownFileType = sourcecode.cpp.objcpp; path = DiffusionTank.mm; sourceTree = "<group>"; };
		26C3F9101810E92E00744A9D /* Effect.mm */ = {isa = PBXFileReference; fileEncoding = 4; lastKnownFileType = sourcecode.cpp.objcpp; path = Effect.mm; sourceTree = "<group>"; };
		26C3F9121810E9FD00744A9D /* TanhDistortion.mm */ = {isa = PBXFileReference; fileEncoding = 4; lastKnownFileType = sourcecode.cpp.objcpp; path = TanhDistortion.mm; sourceTree = "<group>"; };
		26C3F9141810EC1500744A9D /* EnvelopeFollower.mm */ = {isa = PBXFileReference; fileEncoding = 4; lastKnownFileType = sourcecode.cpp.objcpp; path = EnvelopeFollower.mm; sourceTree = "<group>"; };
		26C3F9161810ED7B00744A9D /* FirstOrderFilter.mm */ = {isa = PBXFileReference; fileEncoding = 4; lastKnownFileType = sourcecode.cpp.objcpp; path = FirstOrderFilter.mm; sourceTree = "<group>"; };
		26C3F9181810EE1400744A9D /* KSObject.mm */ = {isa = PBXFileReference; fileEncoding = 4; lastKnownFileType = sourcecode.cpp.objcpp; path = KSObject.mm; sourceTree = "<group>"; };
		26C3F91A1810F0FE00744A9D /* LocalMax.mm */ = {isa = PBXFileReference; fileEncoding = 4; lastKnownFileType = sourcecode.cpp.objcpp; path = LocalMax.mm; sourceTree = "<group>"; };
		26C3F91C1810F14300744A9D /* Compressor.mm */ = {isa = PBXFileReference; fileEncoding = 4; lastKnownFileType = sourcecode.cpp.objcpp; path = Compressor.mm; sourceTree = "<group>"; };
		26C3F91E1810F19700744A9D /* Distortion.mm */ = {isa = PBXFileReference; fileEncoding = 4; lastKnownFileType = sourcecode.cpp.objcpp; path = Distortion.mm; sourceTree = "<group>"; };
		26C3F9221810F81800744A9D /* libstdc++.dylib */ = {isa = PBXFileReference; lastKnownFileType = "compiled.mach-o.dylib"; name = "libstdc++.dylib"; path = "usr/lib/libstdc++.dylib"; sourceTree = SDKROOT; };
		EC7A0DBF161A4AD3005BF0E5 /* libAudioController.a */ = {isa = PBXFileReference; explicitFileType = archive.ar; includeInIndex = 0; path = libAudioController.a; sourceTree = BUILT_PRODUCTS_DIR; };
		EC7A0DC2161A4AD3005BF0E5 /* Foundation.framework */ = {isa = PBXFileReference; lastKnownFileType = wrapper.framework; name = Foundation.framework; path = System/Library/Frameworks/Foundation.framework; sourceTree = SDKROOT; };
		EC7A0DC6161A4AD3005BF0E5 /* AudioController-Prefix.pch */ = {isa = PBXFileReference; lastKnownFileType = sourcecode.c.h; path = "AudioController-Prefix.pch"; sourceTree = "<group>"; };
		EC7A0DD2161A4B37005BF0E5 /* AudioController.h */ = {isa = PBXFileReference; fileEncoding = 4; lastKnownFileType = sourcecode.c.h; path = AudioController.h; sourceTree = "<group>"; };
		EC7A0DD3161A4B37005BF0E5 /* AudioController.mm */ = {isa = PBXFileReference; fileEncoding = 4; lastKnownFileType = sourcecode.cpp.objcpp; path = AudioController.mm; sourceTree = "<group>"; };
		EC7A0DD4161A4B37005BF0E5 /* Sampler.h */ = {isa = PBXFileReference; fileEncoding = 4; lastKnownFileType = sourcecode.c.h; lineEnding = 0; path = Sampler.h; sourceTree = "<group>"; xcLanguageSpecificationIdentifier = xcode.lang.objcpp; };
		EC7A0DD5161A4B37005BF0E5 /* Sampler.mm */ = {isa = PBXFileReference; fileEncoding = 4; lastKnownFileType = sourcecode.cpp.objcpp; lineEnding = 0; path = Sampler.mm; sourceTree = "<group>"; xcLanguageSpecificationIdentifier = xcode.lang.objcpp; };
		EC7A0DDB161A4BAF005BF0E5 /* CAStreamBasicDescription.cpp */ = {isa = PBXFileReference; fileEncoding = 4; lastKnownFileType = sourcecode.cpp.cpp; path = CAStreamBasicDescription.cpp; sourceTree = "<group>"; };
		EC7A0DDC161A4BAF005BF0E5 /* CAStreamBasicDescription.h */ = {isa = PBXFileReference; fileEncoding = 4; lastKnownFileType = sourcecode.c.h; path = CAStreamBasicDescription.h; sourceTree = "<group>"; };
		EC7A0DDD161A4BAF005BF0E5 /* CADebugMacros.h */ = {isa = PBXFileReference; fileEncoding = 4; lastKnownFileType = sourcecode.c.h; path = CADebugMacros.h; sourceTree = "<group>"; };
		EC7A0DDE161A4BAF005BF0E5 /* CAMath.h */ = {isa = PBXFileReference; fileEncoding = 4; lastKnownFileType = sourcecode.c.h; path = CAMath.h; sourceTree = "<group>"; };
		EC7A0DDF161A4BAF005BF0E5 /* CAXException.h */ = {isa = PBXFileReference; fileEncoding = 4; lastKnownFileType = sourcecode.c.h; path = CAXException.h; sourceTree = "<group>"; };
		EC7A0DE6161A4BCC005BF0E5 /* ButterWorthFilter.h */ = {isa = PBXFileReference; fileEncoding = 4; lastKnownFileType = sourcecode.c.h; path = ButterWorthFilter.h; sourceTree = "<group>"; };
		EC7A0DE7161A4BCC005BF0E5 /* ButterWorthFilterElement.h */ = {isa = PBXFileReference; fileEncoding = 4; lastKnownFileType = sourcecode.c.h; path = ButterWorthFilterElement.h; sourceTree = "<group>"; };
		EC7A0DE8161A4BCC005BF0E5 /* ChorusEffect.h */ = {isa = PBXFileReference; fileEncoding = 4; lastKnownFileType = sourcecode.c.h; path = ChorusEffect.h; sourceTree = "<group>"; };
		EC7A0DE9161A4BCC005BF0E5 /* DelayEffect.h */ = {isa = PBXFileReference; fileEncoding = 4; lastKnownFileType = sourcecode.c.h; path = DelayEffect.h; sourceTree = "<group>"; };
		EC7A0DEA161A4BCC005BF0E5 /* DiffusionTank.h */ = {isa = PBXFileReference; fileEncoding = 4; lastKnownFileType = sourcecode.c.h; path = DiffusionTank.h; sourceTree = "<group>"; };
		EC7A0DEB161A4BCC005BF0E5 /* Effect.h */ = {isa = PBXFileReference; fileEncoding = 4; lastKnownFileType = sourcecode.c.h; path = Effect.h; sourceTree = "<group>"; };
		EC7A0DEC161A4BCC005BF0E5 /* FirstOrderFilter.h */ = {isa = PBXFileReference; fileEncoding = 4; lastKnownFileType = sourcecode.c.h; path = FirstOrderFilter.h; sourceTree = "<group>"; };
		EC7A0DED161A4BCC005BF0E5 /* FuzzExpDistortion.h */ = {isa = PBXFileReference; fileEncoding = 4; lastKnownFileType = sourcecode.c.h; path = FuzzExpDistortion.h; sourceTree = "<group>"; };
		EC7A0DEE161A4BCC005BF0E5 /* HardCutoffDistortion.h */ = {isa = PBXFileReference; fileEncoding = 4; lastKnownFileType = sourcecode.c.h; path = HardCutoffDistortion.h; sourceTree = "<group>"; };
		EC7A0DEF161A4BCC005BF0E5 /* KSObject.h */ = {isa = PBXFileReference; fileEncoding = 4; lastKnownFileType = sourcecode.c.h; path = KSObject.h; sourceTree = "<group>"; };
		EC7A0DF0161A4BCC005BF0E5 /* LocalMax.h */ = {isa = PBXFileReference; fileEncoding = 4; lastKnownFileType = sourcecode.c.h; path = LocalMax.h; sourceTree = "<group>"; };
		EC7A0DF1161A4BCC005BF0E5 /* Overdrive.h */ = {isa = PBXFileReference; fileEncoding = 4; lastKnownFileType = sourcecode.c.h; path = Overdrive.h; sourceTree = "<group>"; };
		EC7A0DF2161A4BCC005BF0E5 /* Parameter.h */ = {isa = PBXFileReference; fileEncoding = 4; lastKnownFileType = sourcecode.c.h; path = Parameter.h; sourceTree = "<group>"; };
		EC7A0DF3161A4BCC005BF0E5 /* Reverb.h */ = {isa = PBXFileReference; fileEncoding = 4; lastKnownFileType = sourcecode.c.h; path = Reverb.h; sourceTree = "<group>"; };
		EC7A0DF4161A4BCC005BF0E5 /* SoftClippingOverdrive.h */ = {isa = PBXFileReference; fileEncoding = 4; lastKnownFileType = sourcecode.c.h; path = SoftClippingOverdrive.h; sourceTree = "<group>"; };
		EC7A0DF5161A4BCC005BF0E5 /* TanhDistortion.h */ = {isa = PBXFileReference; fileEncoding = 4; lastKnownFileType = sourcecode.c.h; path = TanhDistortion.h; sourceTree = "<group>"; };
		EC7A0DF6161A4BCC005BF0E5 /* EnvelopeFollower.h */ = {isa = PBXFileReference; fileEncoding = 4; lastKnownFileType = sourcecode.c.h; path = EnvelopeFollower.h; sourceTree = "<group>"; };
		EC7A0DF7161A4BCC005BF0E5 /* Compressor.h */ = {isa = PBXFileReference; fileEncoding = 4; lastKnownFileType = sourcecode.c.h; path = Compressor.h; sourceTree = "<group>"; };
		EC7A0DF8161A4BCC005BF0E5 /* Distortion.h */ = {isa = PBXFileReference; fileEncoding = 4; lastKnownFileType = sourcecode.c.h; path = Distortion.h; sourceTree = "<group>"; };
		EC7A0E0C161A4C0A005BF0E5 /* AudioToolbox.framework */ = {isa = PBXFileReference; lastKnownFileType = wrapper.framework; name = AudioToolbox.framework; path = System/Library/Frameworks/AudioToolbox.framework; sourceTree = SDKROOT; };
		ECC11DD7162CEC0E001A231A /* libAudioControllerDeploy.a */ = {isa = PBXFileReference; explicitFileType = archive.ar; includeInIndex = 0; path = libAudioControllerDeploy.a; sourceTree = BUILT_PRODUCTS_DIR; };
/* End PBXFileReference section */

/* Begin PBXFrameworksBuildPhase section */
		EC7A0DBC161A4AD3005BF0E5 /* Frameworks */ = {
			isa = PBXFrameworksBuildPhase;
			buildActionMask = 2147483647;
			files = (
				26F85ED218146C8C00326CE7 /* libstdc++.dylib in Frameworks */,
				EC7A0E0D161A4C0A005BF0E5 /* AudioToolbox.framework in Frameworks */,
				EC7A0DC3161A4AD3005BF0E5 /* Foundation.framework in Frameworks */,
			);
			runOnlyForDeploymentPostprocessing = 0;
		};
		ECC11DB2162CEC0E001A231A /* Frameworks */ = {
			isa = PBXFrameworksBuildPhase;
			buildActionMask = 2147483647;
			files = (
				ECC11DB3162CEC0E001A231A /* AudioToolbox.framework in Frameworks */,
				ECC11DB4162CEC0E001A231A /* Foundation.framework in Frameworks */,
			);
			runOnlyForDeploymentPostprocessing = 0;
		};
/* End PBXFrameworksBuildPhase section */

/* Begin PBXGroup section */
		26744EB0180667CC00C26068 /* Header */ = {
			isa = PBXGroup;
			children = (
				EC7A0DE6161A4BCC005BF0E5 /* ButterWorthFilter.h */,
				EC7A0DE7161A4BCC005BF0E5 /* ButterWorthFilterElement.h */,
				EC7A0DE8161A4BCC005BF0E5 /* ChorusEffect.h */,
				EC7A0DE9161A4BCC005BF0E5 /* DelayEffect.h */,
				EC7A0DEA161A4BCC005BF0E5 /* DiffusionTank.h */,
				EC7A0DEB161A4BCC005BF0E5 /* Effect.h */,
				EC7A0DEC161A4BCC005BF0E5 /* FirstOrderFilter.h */,
				EC7A0DED161A4BCC005BF0E5 /* FuzzExpDistortion.h */,
				EC7A0DEE161A4BCC005BF0E5 /* HardCutoffDistortion.h */,
				EC7A0DEF161A4BCC005BF0E5 /* KSObject.h */,
				EC7A0DF0161A4BCC005BF0E5 /* LocalMax.h */,
				EC7A0DF1161A4BCC005BF0E5 /* Overdrive.h */,
				EC7A0DF2161A4BCC005BF0E5 /* Parameter.h */,
				EC7A0DF3161A4BCC005BF0E5 /* Reverb.h */,
				EC7A0DF4161A4BCC005BF0E5 /* SoftClippingOverdrive.h */,
				EC7A0DF5161A4BCC005BF0E5 /* TanhDistortion.h */,
				EC7A0DF6161A4BCC005BF0E5 /* EnvelopeFollower.h */,
				EC7A0DF7161A4BCC005BF0E5 /* Compressor.h */,
				EC7A0DF8161A4BCC005BF0E5 /* Distortion.h */,
			);
			name = Header;
			sourceTree = "<group>";
		};
		26744EB1180667D200C26068 /* Source */ = {
			isa = PBXGroup;
			children = (
				26744EAE180667C200C26068 /* FuzzExpDistortion.mm */,
				26C3F8FC1810DA6B00744A9D /* SoftClippingOverdrive.mm */,
				26C3F8FE1810DB7C00744A9D /* HardCutOffDistortion.mm */,
				26C3F9001810DBF600744A9D /* ButterWorthFilter.mm */,
				26C3F9021810DD2000744A9D /* Overdrive.mm */,
				26C3F9041810DDC000744A9D /* ButterWorthFilterElement.mm */,
				26C3F9061810DFED00744A9D /* Parameter.mm */,
				26C3F9081810E0C900744A9D /* Reverb.mm */,
				26C3F90A1810E2F800744A9D /* ChorusEffect.mm */,
				26C3F90C1810E39300744A9D /* DelayEffect.mm */,
				26C3F90E1810E8CC00744A9D /* DiffusionTank.mm */,
				26C3F9101810E92E00744A9D /* Effect.mm */,
				26C3F9121810E9FD00744A9D /* TanhDistortion.mm */,
				26C3F9141810EC1500744A9D /* EnvelopeFollower.mm */,
				26C3F9161810ED7B00744A9D /* FirstOrderFilter.mm */,
				26C3F9181810EE1400744A9D /* KSObject.mm */,
				26C3F91A1810F0FE00744A9D /* LocalMax.mm */,
				26C3F91C1810F14300744A9D /* Compressor.mm */,
				26C3F91E1810F19700744A9D /* Distortion.mm */,
			);
			name = Source;
			sourceTree = "<group>";
		};
		EC7A0DB4161A4AD3005BF0E5 = {
			isa = PBXGroup;
			children = (
				EC7A0DC4161A4AD3005BF0E5 /* AudioController */,
				EC7A0DC1161A4AD3005BF0E5 /* Frameworks */,
				EC7A0DC0161A4AD3005BF0E5 /* Products */,
			);
			sourceTree = "<group>";
		};
		EC7A0DC0161A4AD3005BF0E5 /* Products */ = {
			isa = PBXGroup;
			children = (
				EC7A0DBF161A4AD3005BF0E5 /* libAudioController.a */,
				ECC11DD7162CEC0E001A231A /* libAudioControllerDeploy.a */,
			);
			name = Products;
			sourceTree = "<group>";
		};
		EC7A0DC1161A4AD3005BF0E5 /* Frameworks */ = {
			isa = PBXGroup;
			children = (
				26C3F9221810F81800744A9D /* libstdc++.dylib */,
				268E70C31810ADCA007404B0 /* libc++.dylib */,
				EC7A0E0C161A4C0A005BF0E5 /* AudioToolbox.framework */,
				EC7A0DC2161A4AD3005BF0E5 /* Foundation.framework */,
			);
			name = Frameworks;
			sourceTree = "<group>";
		};
		EC7A0DC4161A4AD3005BF0E5 /* AudioController */ = {
			isa = PBXGroup;
			children = (
				EC7A0DDA161A4B9D005BF0E5 /* iPublicUtility */,
				EC7A0DE5161A4BBF005BF0E5 /* Effects */,
				EC7A0DD2161A4B37005BF0E5 /* AudioController.h */,
				EC7A0DD3161A4B37005BF0E5 /* AudioController.mm */,
				EC7A0DD4161A4B37005BF0E5 /* Sampler.h */,
				EC7A0DD5161A4B37005BF0E5 /* Sampler.mm */,
				EC7A0DC5161A4AD3005BF0E5 /* Supporting Files */,
			);
			path = AudioController;
			sourceTree = "<group>";
		};
		EC7A0DC5161A4AD3005BF0E5 /* Supporting Files */ = {
			isa = PBXGroup;
			children = (
				EC7A0DC6161A4AD3005BF0E5 /* AudioController-Prefix.pch */,
			);
			name = "Supporting Files";
			sourceTree = "<group>";
		};
		EC7A0DDA161A4B9D005BF0E5 /* iPublicUtility */ = {
			isa = PBXGroup;
			children = (
				EC7A0DDB161A4BAF005BF0E5 /* CAStreamBasicDescription.cpp */,
				EC7A0DDC161A4BAF005BF0E5 /* CAStreamBasicDescription.h */,
				EC7A0DDD161A4BAF005BF0E5 /* CADebugMacros.h */,
				EC7A0DDE161A4BAF005BF0E5 /* CAMath.h */,
				EC7A0DDF161A4BAF005BF0E5 /* CAXException.h */,
			);
			name = iPublicUtility;
			sourceTree = "<group>";
		};
		EC7A0DE5161A4BBF005BF0E5 /* Effects */ = {
			isa = PBXGroup;
			children = (
				26744EB1180667D200C26068 /* Source */,
				26744EB0180667CC00C26068 /* Header */,
			);
			name = Effects;
			sourceTree = "<group>";
		};
/* End PBXGroup section */

/* Begin PBXHeadersBuildPhase section */
		EC7A0DBD161A4AD3005BF0E5 /* Headers */ = {
			isa = PBXHeadersBuildPhase;
			buildActionMask = 2147483647;
			files = (
				EC7A0DD6161A4B37005BF0E5 /* AudioController.h in Headers */,
				EC7A0DFE161A4BCC005BF0E5 /* Effect.h in Headers */,
				EC7A0E05161A4BCC005BF0E5 /* Parameter.h in Headers */,
				EC7A0DD8161A4B37005BF0E5 /* Sampler.h in Headers */,
				EC7A0DE1161A4BAF005BF0E5 /* CAStreamBasicDescription.h in Headers */,
				EC7A0DE2161A4BAF005BF0E5 /* CADebugMacros.h in Headers */,
				EC7A0DE3161A4BAF005BF0E5 /* CAMath.h in Headers */,
				EC7A0DE4161A4BAF005BF0E5 /* CAXException.h in Headers */,
				EC7A0DF9161A4BCC005BF0E5 /* ButterWorthFilter.h in Headers */,
				EC7A0DFA161A4BCC005BF0E5 /* ButterWorthFilterElement.h in Headers */,
				EC7A0DFB161A4BCC005BF0E5 /* ChorusEffect.h in Headers */,
				EC7A0DFC161A4BCC005BF0E5 /* DelayEffect.h in Headers */,
				EC7A0DFD161A4BCC005BF0E5 /* DiffusionTank.h in Headers */,
				EC7A0DFF161A4BCC005BF0E5 /* FirstOrderFilter.h in Headers */,
				EC7A0E00161A4BCC005BF0E5 /* FuzzExpDistortion.h in Headers */,
				EC7A0E01161A4BCC005BF0E5 /* HardCutoffDistortion.h in Headers */,
				EC7A0E02161A4BCC005BF0E5 /* KSObject.h in Headers */,
				EC7A0E03161A4BCC005BF0E5 /* LocalMax.h in Headers */,
				EC7A0E04161A4BCC005BF0E5 /* Overdrive.h in Headers */,
				EC7A0E06161A4BCC005BF0E5 /* Reverb.h in Headers */,
				EC7A0E07161A4BCC005BF0E5 /* SoftClippingOverdrive.h in Headers */,
				EC7A0E08161A4BCC005BF0E5 /* TanhDistortion.h in Headers */,
				EC7A0E09161A4BCC005BF0E5 /* EnvelopeFollower.h in Headers */,
				EC7A0E0A161A4BCC005BF0E5 /* Compressor.h in Headers */,
				EC7A0E0B161A4BCC005BF0E5 /* Distortion.h in Headers */,
			);
			runOnlyForDeploymentPostprocessing = 0;
		};
		ECC11DB5162CEC0E001A231A /* Headers */ = {
			isa = PBXHeadersBuildPhase;
			buildActionMask = 2147483647;
			files = (
				ECC11DB6162CEC0E001A231A /* AudioController.h in Headers */,
				ECC11DB7162CEC0E001A231A /* Effect.h in Headers */,
				ECC11DB8162CEC0E001A231A /* Parameter.h in Headers */,
				ECC11DB9162CEC0E001A231A /* Sampler.h in Headers */,
				ECC11DBA162CEC0E001A231A /* CAStreamBasicDescription.h in Headers */,
				ECC11DBB162CEC0E001A231A /* CADebugMacros.h in Headers */,
				ECC11DBC162CEC0E001A231A /* CAMath.h in Headers */,
				ECC11DBD162CEC0E001A231A /* CAXException.h in Headers */,
				ECC11DBE162CEC0E001A231A /* ButterWorthFilter.h in Headers */,
				ECC11DBF162CEC0E001A231A /* ButterWorthFilterElement.h in Headers */,
				ECC11DC0162CEC0E001A231A /* ChorusEffect.h in Headers */,
				ECC11DC1162CEC0E001A231A /* DelayEffect.h in Headers */,
				ECC11DC2162CEC0E001A231A /* DiffusionTank.h in Headers */,
				ECC11DC3162CEC0E001A231A /* FirstOrderFilter.h in Headers */,
				ECC11DC4162CEC0E001A231A /* FuzzExpDistortion.h in Headers */,
				ECC11DC5162CEC0E001A231A /* HardCutoffDistortion.h in Headers */,
				ECC11DC6162CEC0E001A231A /* KSObject.h in Headers */,
				ECC11DC7162CEC0E001A231A /* LocalMax.h in Headers */,
				ECC11DC8162CEC0E001A231A /* Overdrive.h in Headers */,
				ECC11DC9162CEC0E001A231A /* Reverb.h in Headers */,
				ECC11DCA162CEC0E001A231A /* SoftClippingOverdrive.h in Headers */,
				ECC11DCB162CEC0E001A231A /* TanhDistortion.h in Headers */,
				ECC11DCC162CEC0E001A231A /* EnvelopeFollower.h in Headers */,
				ECC11DCD162CEC0E001A231A /* Compressor.h in Headers */,
				ECC11DCE162CEC0E001A231A /* Distortion.h in Headers */,
			);
			runOnlyForDeploymentPostprocessing = 0;
		};
/* End PBXHeadersBuildPhase section */

/* Begin PBXNativeTarget section */
		EC7A0DBE161A4AD3005BF0E5 /* AudioController */ = {
			isa = PBXNativeTarget;
			buildConfigurationList = EC7A0DCC161A4AD3005BF0E5 /* Build configuration list for PBXNativeTarget "AudioController" */;
			buildPhases = (
				EC7A0DBB161A4AD3005BF0E5 /* Sources */,
				EC7A0DBC161A4AD3005BF0E5 /* Frameworks */,
				EC7A0DBD161A4AD3005BF0E5 /* Headers */,
			);
			buildRules = (
			);
			dependencies = (
			);
			name = AudioController;
			productName = AudioController;
			productReference = EC7A0DBF161A4AD3005BF0E5 /* libAudioController.a */;
			productType = "com.apple.product-type.library.static";
		};
		ECC11DAD162CEC0E001A231A /* AudioControllerDeploy */ = {
			isa = PBXNativeTarget;
			buildConfigurationList = ECC11DD4162CEC0E001A231A /* Build configuration list for PBXNativeTarget "AudioControllerDeploy" */;
			buildPhases = (
				ECC11DAE162CEC0E001A231A /* Sources */,
				ECC11DB2162CEC0E001A231A /* Frameworks */,
				ECC11DB5162CEC0E001A231A /* Headers */,
				ECC11DCF162CEC0E001A231A /* Copy Files */,
			);
			buildRules = (
			);
			dependencies = (
			);
			name = AudioControllerDeploy;
			productName = AudioController;
			productReference = ECC11DD7162CEC0E001A231A /* libAudioControllerDeploy.a */;
			productType = "com.apple.product-type.library.static";
		};
/* End PBXNativeTarget section */

/* Begin PBXProject section */
		EC7A0DB6161A4AD3005BF0E5 /* Project object */ = {
			isa = PBXProject;
			attributes = {
				LastUpgradeCheck = 0430;
			};
			buildConfigurationList = EC7A0DB9161A4AD3005BF0E5 /* Build configuration list for PBXProject "AudioController" */;
			compatibilityVersion = "Xcode 3.2";
			developmentRegion = English;
			hasScannedForEncodings = 0;
			knownRegions = (
				en,
			);
			mainGroup = EC7A0DB4161A4AD3005BF0E5;
			productRefGroup = EC7A0DC0161A4AD3005BF0E5 /* Products */;
			projectDirPath = "";
			projectRoot = "";
			targets = (
				EC7A0DBE161A4AD3005BF0E5 /* AudioController */,
				ECC11DAD162CEC0E001A231A /* AudioControllerDeploy */,
			);
		};
/* End PBXProject section */

/* Begin PBXSourcesBuildPhase section */
		EC7A0DBB161A4AD3005BF0E5 /* Sources */ = {
			isa = PBXSourcesBuildPhase;
			buildActionMask = 2147483647;
			files = (
				26C3F9051810DDC000744A9D /* ButterWorthFilterElement.mm in Sources */,
				26C3F90F1810E8CC00744A9D /* DiffusionTank.mm in Sources */,
				EC7A0DD7161A4B37005BF0E5 /* AudioController.mm in Sources */,
				26C3F9131810E9FD00744A9D /* TanhDistortion.mm in Sources */,
				26C3F9111810E92E00744A9D /* Effect.mm in Sources */,
				26C3F9171810ED7B00744A9D /* FirstOrderFilter.mm in Sources */,
				EC7A0DD9161A4B37005BF0E5 /* Sampler.mm in Sources */,
				26C3F9191810EE1400744A9D /* KSObject.mm in Sources */,
				26C3F91B1810F0FE00744A9D /* LocalMax.mm in Sources */,
				26C3F9031810DD2000744A9D /* Overdrive.mm in Sources */,
				26C3F91F1810F19700744A9D /* Distortion.mm in Sources */,
				26C3F8FF1810DB7C00744A9D /* HardCutOffDistortion.mm in Sources */,
				26C3F9071810DFED00744A9D /* Parameter.mm in Sources */,
				26C3F8FD1810DA6B00744A9D /* SoftClippingOverdrive.mm in Sources */,
				26C3F9011810DBF600744A9D /* ButterWorthFilter.mm in Sources */,
				26C3F90D1810E39300744A9D /* DelayEffect.mm in Sources */,
				26C3F91D1810F14300744A9D /* Compressor.mm in Sources */,
				26C3F90B1810E2F800744A9D /* ChorusEffect.mm in Sources */,
				EC7A0DE0161A4BAF005BF0E5 /* CAStreamBasicDescription.cpp in Sources */,
				26744EAF180667C200C26068 /* FuzzExpDistortion.mm in Sources */,
				26C3F9151810EC1500744A9D /* EnvelopeFollower.mm in Sources */,
				26C3F9091810E0C900744A9D /* Reverb.mm in Sources */,
			);
			runOnlyForDeploymentPostprocessing = 0;
		};
		ECC11DAE162CEC0E001A231A /* Sources */ = {
			isa = PBXSourcesBuildPhase;
			buildActionMask = 2147483647;
			files = (
				ECC11DAF162CEC0E001A231A /* AudioController.mm in Sources */,
				ECC11DB0162CEC0E001A231A /* Sampler.mm in Sources */,
				ECC11DB1162CEC0E001A231A /* CAStreamBasicDescription.cpp in Sources */,
			);
			runOnlyForDeploymentPostprocessing = 0;
		};
/* End PBXSourcesBuildPhase section */

/* Begin XCBuildConfiguration section */
		EC7A0DCA161A4AD3005BF0E5 /* Debug */ = {
			isa = XCBuildConfiguration;
			buildSettings = {
				ALWAYS_SEARCH_USER_PATHS = NO;
				ARCHS = "$(ARCHS_STANDARD_32_BIT)";
				COPY_PHASE_STRIP = NO;
				GCC_C_LANGUAGE_STANDARD = gnu99;
				GCC_DYNAMIC_NO_PIC = NO;
				GCC_OPTIMIZATION_LEVEL = 0;
				GCC_SYMBOLS_PRIVATE_EXTERN = NO;
				GCC_VERSION = com.apple.compilers.llvm.clang.1_0;
				GCC_WARN_ABOUT_RETURN_TYPE = YES;
				GCC_WARN_UNINITIALIZED_AUTOS = YES;
				GCC_WARN_UNUSED_VARIABLE = YES;
				HEADER_SEARCH_PATHS = "\"$(SRCROOT)/..\"";
				PRIVATE_HEADERS_FOLDER_PATH = ../../include/AudioController;
				PUBLIC_HEADERS_FOLDER_PATH = ../../include/AudioController;
				SDKROOT = iphoneos;
				SKIP_INSTALL = YES;
			};
			name = Debug;
		};
		EC7A0DCB161A4AD3005BF0E5 /* Release */ = {
			isa = XCBuildConfiguration;
			buildSettings = {
				ALWAYS_SEARCH_USER_PATHS = NO;
				ARCHS = "$(ARCHS_STANDARD_32_BIT)";
				COPY_PHASE_STRIP = YES;
				GCC_C_LANGUAGE_STANDARD = gnu99;
				GCC_VERSION = com.apple.compilers.llvm.clang.1_0;
				GCC_WARN_ABOUT_RETURN_TYPE = YES;
				GCC_WARN_UNINITIALIZED_AUTOS = YES;
				GCC_WARN_UNUSED_VARIABLE = YES;
				HEADER_SEARCH_PATHS = "\"$(SRCROOT)/..\"";
				PRIVATE_HEADERS_FOLDER_PATH = ../../include/AudioController;
				PUBLIC_HEADERS_FOLDER_PATH = ../../include/AudioController;
				SDKROOT = iphoneos;
				SKIP_INSTALL = YES;
				VALIDATE_PRODUCT = YES;
			};
			name = Release;
		};
		EC7A0DCD161A4AD3005BF0E5 /* Debug */ = {
			isa = XCBuildConfiguration;
			buildSettings = {
				ARCHS = "$(ARCHS_STANDARD)";
				CLANG_CXX_LIBRARY = "libstdc++";
				CODE_SIGN_IDENTITY = "iPhone Distribution: Incident Technologies Inc. (AE9ZEG65F3)";
				DSTROOT = /tmp/AudioController.dst;
				GCC_INPUT_FILETYPE = sourcecode.cpp.objcpp;
				GCC_PRECOMPILE_PREFIX_HEADER = YES;
				GCC_PREFIX_HEADER = "AudioController/AudioController-Prefix.pch";
				IPHONEOS_DEPLOYMENT_TARGET = 6.0;
				ONLY_ACTIVE_ARCH = YES;
				OTHER_LDFLAGS = "-ObjC";
				PRODUCT_NAME = "$(TARGET_NAME)";
				PROVISIONING_PROFILE = "7B8BBE19-A6A3-4A92-AB56-6DF23326D380";
				SKIP_INSTALL = YES;
			};
			name = Debug;
		};
		EC7A0DCE161A4AD3005BF0E5 /* Release */ = {
			isa = XCBuildConfiguration;
			buildSettings = {
				ARCHS = "$(ARCHS_STANDARD)";
				CLANG_CXX_LIBRARY = "libstdc++";
				CODE_SIGN_IDENTITY = "iPhone Distribution: Incident Technologies Inc. (AE9ZEG65F3)";
				DSTROOT = /tmp/AudioController.dst;
				GCC_INPUT_FILETYPE = sourcecode.cpp.objcpp;
				GCC_PRECOMPILE_PREFIX_HEADER = YES;
				GCC_PREFIX_HEADER = "AudioController/AudioController-Prefix.pch";
				IPHONEOS_DEPLOYMENT_TARGET = 6.0;
				ONLY_ACTIVE_ARCH = YES;
				OTHER_LDFLAGS = "-ObjC";
				PRODUCT_NAME = "$(TARGET_NAME)";
				PROVISIONING_PROFILE = "7B8BBE19-A6A3-4A92-AB56-6DF23326D380";
				SKIP_INSTALL = YES;
			};
			name = Release;
		};
		ECC11DD5162CEC0E001A231A /* Debug */ = {
			isa = XCBuildConfiguration;
			buildSettings = {
				DSTROOT = /tmp/AudioController.dst;
				GCC_PRECOMPILE_PREFIX_HEADER = YES;
				GCC_PREFIX_HEADER = "AudioController/AudioController-Prefix.pch";
				OTHER_LDFLAGS = "-ObjC";
				PRODUCT_NAME = AudioControllerDeploy;
				SKIP_INSTALL = YES;
			};
			name = Debug;
		};
		ECC11DD6162CEC0E001A231A /* Release */ = {
			isa = XCBuildConfiguration;
			buildSettings = {
				DSTROOT = /tmp/AudioController.dst;
				GCC_PRECOMPILE_PREFIX_HEADER = YES;
				GCC_PREFIX_HEADER = "AudioController/AudioController-Prefix.pch";
				OTHER_LDFLAGS = "-ObjC";
				PRODUCT_NAME = AudioControllerDeploy;
				SKIP_INSTALL = YES;
			};
			name = Release;
		};
/* End XCBuildConfiguration section */

/* Begin XCConfigurationList section */
		EC7A0DB9161A4AD3005BF0E5 /* Build configuration list for PBXProject "AudioController" */ = {
			isa = XCConfigurationList;
			buildConfigurations = (
				EC7A0DCA161A4AD3005BF0E5 /* Debug */,
				EC7A0DCB161A4AD3005BF0E5 /* Release */,
			);
			defaultConfigurationIsVisible = 0;
			defaultConfigurationName = Release;
		};
		EC7A0DCC161A4AD3005BF0E5 /* Build configuration list for PBXNativeTarget "AudioController" */ = {
			isa = XCConfigurationList;
			buildConfigurations = (
				EC7A0DCD161A4AD3005BF0E5 /* Debug */,
				EC7A0DCE161A4AD3005BF0E5 /* Release */,
			);
			defaultConfigurationIsVisible = 0;
			defaultConfigurationName = Release;
		};
		ECC11DD4162CEC0E001A231A /* Build configuration list for PBXNativeTarget "AudioControllerDeploy" */ = {
			isa = XCConfigurationList;
			buildConfigurations = (
				ECC11DD5162CEC0E001A231A /* Debug */,
				ECC11DD6162CEC0E001A231A /* Release */,
			);
			defaultConfigurationIsVisible = 0;
			defaultConfigurationName = Release;
		};
/* End XCConfigurationList section */
	};
	rootObject = EC7A0DB6161A4AD3005BF0E5 /* Project object */;
}
