// !$*UTF8*$!
{
	archiveVersion = 1;
	classes = {
	};
	objectVersion = 46;
	objects = {

/* Begin PBXBuildFile section */
		9D42D7FD17613B8700614738 /* UIKit.framework in Frameworks */ = {isa = PBXBuildFile; fileRef = 9D42D7FC17613B8700614738 /* UIKit.framework */; };
		9D42D7FF17613B8700614738 /* Foundation.framework in Frameworks */ = {isa = PBXBuildFile; fileRef = 9D42D7FE17613B8700614738 /* Foundation.framework */; };
		9D42D80117613B8700614738 /* CoreGraphics.framework in Frameworks */ = {isa = PBXBuildFile; fileRef = 9D42D80017613B8700614738 /* CoreGraphics.framework */; };
		9D42D80717613B8700614738 /* InfoPlist.strings in Resources */ = {isa = PBXBuildFile; fileRef = 9D42D80517613B8700614738 /* InfoPlist.strings */; };
		9D42D80917613B8700614738 /* main.m in Sources */ = {isa = PBXBuildFile; fileRef = 9D42D80817613B8700614738 /* main.m */; };
		9D42D80D17613B8700614738 /* AppDelegate.m in Sources */ = {isa = PBXBuildFile; fileRef = 9D42D80C17613B8700614738 /* AppDelegate.m */; };
		9D42D80F17613B8700614738 /* Default.png in Resources */ = {isa = PBXBuildFile; fileRef = 9D42D80E17613B8700614738 /* Default.png */; };
		9D42D81117613B8700614738 /* Default@2x.png in Resources */ = {isa = PBXBuildFile; fileRef = 9D42D81017613B8700614738 /* Default@2x.png */; };
		9D42D81317613B8700614738 /* Default-568h@2x.png in Resources */ = {isa = PBXBuildFile; fileRef = 9D42D81217613B8700614738 /* Default-568h@2x.png */; };
		9D42D81617613B8700614738 /* MainStoryboard_iPhone.storyboard in Resources */ = {isa = PBXBuildFile; fileRef = 9D42D81417613B8700614738 /* MainStoryboard_iPhone.storyboard */; };
		9D42D81917613B8700614738 /* MainStoryboard_iPad.storyboard in Resources */ = {isa = PBXBuildFile; fileRef = 9D42D81717613B8700614738 /* MainStoryboard_iPad.storyboard */; };
		9D42D81C17613B8700614738 /* ViewController.mm in Sources */ = {isa = PBXBuildFile; fileRef = 9D42D81B17613B8700614738 /* ViewController.mm */; };
		9D42D82417613B8800614738 /* SenTestingKit.framework in Frameworks */ = {isa = PBXBuildFile; fileRef = 9D42D82317613B8800614738 /* SenTestingKit.framework */; };
		9D42D82517613B8800614738 /* UIKit.framework in Frameworks */ = {isa = PBXBuildFile; fileRef = 9D42D7FC17613B8700614738 /* UIKit.framework */; };
		9D42D82617613B8800614738 /* Foundation.framework in Frameworks */ = {isa = PBXBuildFile; fileRef = 9D42D7FE17613B8700614738 /* Foundation.framework */; };
		9D42D82E17613B8800614738 /* InfoPlist.strings in Resources */ = {isa = PBXBuildFile; fileRef = 9D42D82C17613B8800614738 /* InfoPlist.strings */; };
		9D42D83117613B8800614738 /* SketchTests.m in Sources */ = {isa = PBXBuildFile; fileRef = 9D42D83017613B8800614738 /* SketchTests.m */; };
		9D42D844176159C700614738 /* libAudioController.a in Frameworks */ = {isa = PBXBuildFile; fileRef = 9D42D843176159C700614738 /* libAudioController.a */; };
		9D42D846176159CD00614738 /* libGtarController.a in Frameworks */ = {isa = PBXBuildFile; fileRef = 9D42D845176159CD00614738 /* libGtarController.a */; };
		9D42D848176159D300614738 /* libgTarAppCore.a in Frameworks */ = {isa = PBXBuildFile; fileRef = 9D42D847176159D300614738 /* libgTarAppCore.a */; };
		9D5EDEFB177A41E30020D4EA /* Acoustic Guitar 40.mp3 in Resources */ = {isa = PBXBuildFile; fileRef = 9D5EDED0177A41E30020D4EA /* Acoustic Guitar 40.mp3 */; };
		9D5EDEFC177A41E30020D4EA /* Acoustic Guitar 41.mp3 in Resources */ = {isa = PBXBuildFile; fileRef = 9D5EDED1177A41E30020D4EA /* Acoustic Guitar 41.mp3 */; };
		9D5EDEFD177A41E30020D4EA /* Acoustic Guitar 42.mp3 in Resources */ = {isa = PBXBuildFile; fileRef = 9D5EDED2177A41E30020D4EA /* Acoustic Guitar 42.mp3 */; };
		9D5EDEFE177A41E30020D4EA /* Acoustic Guitar 43.mp3 in Resources */ = {isa = PBXBuildFile; fileRef = 9D5EDED3177A41E30020D4EA /* Acoustic Guitar 43.mp3 */; };
		9D5EDEFF177A41E30020D4EA /* Acoustic Guitar 44.mp3 in Resources */ = {isa = PBXBuildFile; fileRef = 9D5EDED4177A41E30020D4EA /* Acoustic Guitar 44.mp3 */; };
		9D5EDF00177A41E30020D4EA /* Acoustic Guitar 45.mp3 in Resources */ = {isa = PBXBuildFile; fileRef = 9D5EDED5177A41E30020D4EA /* Acoustic Guitar 45.mp3 */; };
		9D5EDF01177A41E30020D4EA /* Acoustic Guitar 46.mp3 in Resources */ = {isa = PBXBuildFile; fileRef = 9D5EDED6177A41E30020D4EA /* Acoustic Guitar 46.mp3 */; };
		9D5EDF02177A41E30020D4EA /* Acoustic Guitar 47.mp3 in Resources */ = {isa = PBXBuildFile; fileRef = 9D5EDED7177A41E30020D4EA /* Acoustic Guitar 47.mp3 */; };
		9D5EDF03177A41E30020D4EA /* Acoustic Guitar 48.mp3 in Resources */ = {isa = PBXBuildFile; fileRef = 9D5EDED8177A41E30020D4EA /* Acoustic Guitar 48.mp3 */; };
		9D5EDF04177A41E30020D4EA /* Acoustic Guitar 49.mp3 in Resources */ = {isa = PBXBuildFile; fileRef = 9D5EDED9177A41E30020D4EA /* Acoustic Guitar 49.mp3 */; };
		9D5EDF05177A41E30020D4EA /* Acoustic Guitar 50.mp3 in Resources */ = {isa = PBXBuildFile; fileRef = 9D5EDEDA177A41E30020D4EA /* Acoustic Guitar 50.mp3 */; };
		9D5EDF06177A41E30020D4EA /* Acoustic Guitar 51.mp3 in Resources */ = {isa = PBXBuildFile; fileRef = 9D5EDEDB177A41E30020D4EA /* Acoustic Guitar 51.mp3 */; };
		9D5EDF07177A41E30020D4EA /* Acoustic Guitar 52.mp3 in Resources */ = {isa = PBXBuildFile; fileRef = 9D5EDEDC177A41E30020D4EA /* Acoustic Guitar 52.mp3 */; };
		9D5EDF08177A41E30020D4EA /* Acoustic Guitar 53.mp3 in Resources */ = {isa = PBXBuildFile; fileRef = 9D5EDEDD177A41E30020D4EA /* Acoustic Guitar 53.mp3 */; };
		9D5EDF09177A41E30020D4EA /* Acoustic Guitar 54.mp3 in Resources */ = {isa = PBXBuildFile; fileRef = 9D5EDEDE177A41E30020D4EA /* Acoustic Guitar 54.mp3 */; };
		9D5EDF0A177A41E30020D4EA /* Acoustic Guitar 55.mp3 in Resources */ = {isa = PBXBuildFile; fileRef = 9D5EDEDF177A41E30020D4EA /* Acoustic Guitar 55.mp3 */; };
		9D5EDF0B177A41E30020D4EA /* Acoustic Guitar 56.mp3 in Resources */ = {isa = PBXBuildFile; fileRef = 9D5EDEE0177A41E30020D4EA /* Acoustic Guitar 56.mp3 */; };
		9D5EDF0C177A41E30020D4EA /* Acoustic Guitar 57.mp3 in Resources */ = {isa = PBXBuildFile; fileRef = 9D5EDEE1177A41E30020D4EA /* Acoustic Guitar 57.mp3 */; };
		9D5EDF0D177A41E30020D4EA /* Acoustic Guitar 58.mp3 in Resources */ = {isa = PBXBuildFile; fileRef = 9D5EDEE2177A41E30020D4EA /* Acoustic Guitar 58.mp3 */; };
		9D5EDF0E177A41E30020D4EA /* Acoustic Guitar 59.mp3 in Resources */ = {isa = PBXBuildFile; fileRef = 9D5EDEE3177A41E30020D4EA /* Acoustic Guitar 59.mp3 */; };
		9D5EDF0F177A41E30020D4EA /* Acoustic Guitar 60.mp3 in Resources */ = {isa = PBXBuildFile; fileRef = 9D5EDEE4177A41E30020D4EA /* Acoustic Guitar 60.mp3 */; };
		9D5EDF10177A41E30020D4EA /* Acoustic Guitar 61.mp3 in Resources */ = {isa = PBXBuildFile; fileRef = 9D5EDEE5177A41E30020D4EA /* Acoustic Guitar 61.mp3 */; };
		9D5EDF11177A41E30020D4EA /* Acoustic Guitar 62.mp3 in Resources */ = {isa = PBXBuildFile; fileRef = 9D5EDEE6177A41E30020D4EA /* Acoustic Guitar 62.mp3 */; };
		9D5EDF12177A41E30020D4EA /* Acoustic Guitar 63.mp3 in Resources */ = {isa = PBXBuildFile; fileRef = 9D5EDEE7177A41E30020D4EA /* Acoustic Guitar 63.mp3 */; };
		9D5EDF13177A41E30020D4EA /* Acoustic Guitar 64.mp3 in Resources */ = {isa = PBXBuildFile; fileRef = 9D5EDEE8177A41E30020D4EA /* Acoustic Guitar 64.mp3 */; };
		9D5EDF14177A41E30020D4EA /* Acoustic Guitar 65.mp3 in Resources */ = {isa = PBXBuildFile; fileRef = 9D5EDEE9177A41E30020D4EA /* Acoustic Guitar 65.mp3 */; };
		9D5EDF15177A41E30020D4EA /* Acoustic Guitar 66.mp3 in Resources */ = {isa = PBXBuildFile; fileRef = 9D5EDEEA177A41E30020D4EA /* Acoustic Guitar 66.mp3 */; };
		9D5EDF16177A41E30020D4EA /* Acoustic Guitar 67.mp3 in Resources */ = {isa = PBXBuildFile; fileRef = 9D5EDEEB177A41E30020D4EA /* Acoustic Guitar 67.mp3 */; };
		9D5EDF17177A41E30020D4EA /* Acoustic Guitar 68.mp3 in Resources */ = {isa = PBXBuildFile; fileRef = 9D5EDEEC177A41E30020D4EA /* Acoustic Guitar 68.mp3 */; };
		9D5EDF18177A41E30020D4EA /* Acoustic Guitar 69.mp3 in Resources */ = {isa = PBXBuildFile; fileRef = 9D5EDEED177A41E30020D4EA /* Acoustic Guitar 69.mp3 */; };
		9D5EDF19177A41E30020D4EA /* Acoustic Guitar 70.mp3 in Resources */ = {isa = PBXBuildFile; fileRef = 9D5EDEEE177A41E30020D4EA /* Acoustic Guitar 70.mp3 */; };
		9D5EDF1A177A41E30020D4EA /* Acoustic Guitar 71.mp3 in Resources */ = {isa = PBXBuildFile; fileRef = 9D5EDEEF177A41E30020D4EA /* Acoustic Guitar 71.mp3 */; };
		9D5EDF1B177A41E30020D4EA /* Acoustic Guitar 72.mp3 in Resources */ = {isa = PBXBuildFile; fileRef = 9D5EDEF0177A41E30020D4EA /* Acoustic Guitar 72.mp3 */; };
		9D5EDF1C177A41E30020D4EA /* Acoustic Guitar 73.mp3 in Resources */ = {isa = PBXBuildFile; fileRef = 9D5EDEF1177A41E30020D4EA /* Acoustic Guitar 73.mp3 */; };
		9D5EDF1D177A41E30020D4EA /* Acoustic Guitar 74.mp3 in Resources */ = {isa = PBXBuildFile; fileRef = 9D5EDEF2177A41E30020D4EA /* Acoustic Guitar 74.mp3 */; };
		9D5EDF1E177A41E30020D4EA /* Acoustic Guitar 75.mp3 in Resources */ = {isa = PBXBuildFile; fileRef = 9D5EDEF3177A41E30020D4EA /* Acoustic Guitar 75.mp3 */; };
		9D5EDF1F177A41E30020D4EA /* Acoustic Guitar 76.mp3 in Resources */ = {isa = PBXBuildFile; fileRef = 9D5EDEF4177A41E30020D4EA /* Acoustic Guitar 76.mp3 */; };
		9D5EDF20177A41E30020D4EA /* Acoustic Guitar 77.mp3 in Resources */ = {isa = PBXBuildFile; fileRef = 9D5EDEF5177A41E30020D4EA /* Acoustic Guitar 77.mp3 */; };
		9D5EDF21177A41E30020D4EA /* Acoustic Guitar 78.mp3 in Resources */ = {isa = PBXBuildFile; fileRef = 9D5EDEF6177A41E30020D4EA /* Acoustic Guitar 78.mp3 */; };
		9D5EDF22177A41E30020D4EA /* Acoustic Guitar 79.mp3 in Resources */ = {isa = PBXBuildFile; fileRef = 9D5EDEF7177A41E30020D4EA /* Acoustic Guitar 79.mp3 */; };
		9D5EDF23177A41E30020D4EA /* Acoustic Guitar 80.mp3 in Resources */ = {isa = PBXBuildFile; fileRef = 9D5EDEF8177A41E30020D4EA /* Acoustic Guitar 80.mp3 */; };
		9D5EDF24177A41E30020D4EA /* Acoustic Guitar 81.mp3 in Resources */ = {isa = PBXBuildFile; fileRef = 9D5EDEF9177A41E30020D4EA /* Acoustic Guitar 81.mp3 */; };
		9D5EDF25177A41E30020D4EA /* Acoustic Guitar 82.mp3 in Resources */ = {isa = PBXBuildFile; fileRef = 9D5EDEFA177A41E30020D4EA /* Acoustic Guitar 82.mp3 */; };
		9D68DDEC17A2FD0B000B2056 /* PlayerViewController.m in Sources */ = {isa = PBXBuildFile; fileRef = 9D68DDEA17A2FD0B000B2056 /* PlayerViewController.m */; settings = {COMPILER_FLAGS = "-fno-objc-arc"; }; };
		9D68DDED17A2FD0B000B2056 /* PlayerViewController.xib in Resources */ = {isa = PBXBuildFile; fileRef = 9D68DDEB17A2FD0B000B2056 /* PlayerViewController.xib */; };
		9D846E7D179775B400A28FF6 /* Delete_Button.png in Resources */ = {isa = PBXBuildFile; fileRef = 9D846E7C179775B400A28FF6 /* Delete_Button.png */; };
		9D846E89179775C500A28FF6 /* Edit_Button.png in Resources */ = {isa = PBXBuildFile; fileRef = 9D846E7E179775C500A28FF6 /* Edit_Button.png */; };
		9D846E8A179775C500A28FF6 /* Instrument_Icon.png in Resources */ = {isa = PBXBuildFile; fileRef = 9D846E7F179775C500A28FF6 /* Instrument_Icon.png */; };
		9D846E8B179775C500A28FF6 /* Play_ButtonGREY.png in Resources */ = {isa = PBXBuildFile; fileRef = 9D846E80179775C500A28FF6 /* Play_ButtonGREY.png */; };
		9D846E8C179775C500A28FF6 /* Play_ButtonWHITE.png in Resources */ = {isa = PBXBuildFile; fileRef = 9D846E81179775C500A28FF6 /* Play_ButtonWHITE.png */; };
		9D846E8D179775C500A28FF6 /* Stop_Icon.png in Resources */ = {isa = PBXBuildFile; fileRef = 9D846E82179775C500A28FF6 /* Stop_Icon.png */; };
		9D846E8E179775C500A28FF6 /* Rec_Icon.png in Resources */ = {isa = PBXBuildFile; fileRef = 9D846E83179775C500A28FF6 /* Rec_Icon.png */; };
		9D846E8F179775C500A28FF6 /* Volume_Icon.png in Resources */ = {isa = PBXBuildFile; fileRef = 9D846E84179775C500A28FF6 /* Volume_Icon.png */; };
		9D846E90179775C500A28FF6 /* Volume_Knob.png in Resources */ = {isa = PBXBuildFile; fileRef = 9D846E85179775C500A28FF6 /* Volume_Knob.png */; };
		9D846E91179775C500A28FF6 /* Volume_Minus.png in Resources */ = {isa = PBXBuildFile; fileRef = 9D846E86179775C500A28FF6 /* Volume_Minus.png */; };
		9D846E92179775C500A28FF6 /* Volume_Plus.png in Resources */ = {isa = PBXBuildFile; fileRef = 9D846E87179775C500A28FF6 /* Volume_Plus.png */; };
		9D846E93179775C500A28FF6 /* Volume_Slider.png in Resources */ = {isa = PBXBuildFile; fileRef = 9D846E88179775C500A28FF6 /* Volume_Slider.png */; };
		9D846E9A179DB51300A28FF6 /* SongViewCell.m in Sources */ = {isa = PBXBuildFile; fileRef = 9D846E99179DB51200A28FF6 /* SongViewCell.m */; };
		9D846E9D179E21F500A28FF6 /* SongTableViewController.m in Sources */ = {isa = PBXBuildFile; fileRef = 9D846E9C179E21F400A28FF6 /* SongTableViewController.m */; };
		9D846E9F17A10D2900A28FF6 /* QuartzCore.framework in Frameworks */ = {isa = PBXBuildFile; fileRef = 9D846E9E17A10D2900A28FF6 /* QuartzCore.framework */; };
		9D8E3D391778F5DD0052AE20 /* instruments.plist in Resources */ = {isa = PBXBuildFile; fileRef = 9D8E3D381778F5DD0052AE20 /* instruments.plist */; };
		9D8E3D3B1778FB050052AE20 /* AudioToolbox.framework in Frameworks */ = {isa = PBXBuildFile; fileRef = 9D8E3D3A1778FB050052AE20 /* AudioToolbox.framework */; };
		9D8E3D3D1778FB130052AE20 /* CoreMIDI.framework in Frameworks */ = {isa = PBXBuildFile; fileRef = 9D8E3D3C1778FB130052AE20 /* CoreMIDI.framework */; };
/* End PBXBuildFile section */

/* Begin PBXContainerItemProxy section */
		9D42D82717613B8800614738 /* PBXContainerItemProxy */ = {
			isa = PBXContainerItemProxy;
			containerPortal = 9D42D7F117613B8700614738 /* Project object */;
			proxyType = 1;
			remoteGlobalIDString = 9D42D7F817613B8700614738;
			remoteInfo = Sketch;
		};
/* End PBXContainerItemProxy section */

/* Begin PBXFileReference section */
		9D42D7F917613B8700614738 /* Sketch.app */ = {isa = PBXFileReference; explicitFileType = wrapper.application; includeInIndex = 0; path = Sketch.app; sourceTree = BUILT_PRODUCTS_DIR; };
		9D42D7FC17613B8700614738 /* UIKit.framework */ = {isa = PBXFileReference; lastKnownFileType = wrapper.framework; name = UIKit.framework; path = System/Library/Frameworks/UIKit.framework; sourceTree = SDKROOT; };
		9D42D7FE17613B8700614738 /* Foundation.framework */ = {isa = PBXFileReference; lastKnownFileType = wrapper.framework; name = Foundation.framework; path = System/Library/Frameworks/Foundation.framework; sourceTree = SDKROOT; };
		9D42D80017613B8700614738 /* CoreGraphics.framework */ = {isa = PBXFileReference; lastKnownFileType = wrapper.framework; name = CoreGraphics.framework; path = System/Library/Frameworks/CoreGraphics.framework; sourceTree = SDKROOT; };
		9D42D80417613B8700614738 /* Sketch-Info.plist */ = {isa = PBXFileReference; lastKnownFileType = text.plist.xml; path = "Sketch-Info.plist"; sourceTree = "<group>"; };
		9D42D80617613B8700614738 /* en */ = {isa = PBXFileReference; lastKnownFileType = text.plist.strings; name = en; path = en.lproj/InfoPlist.strings; sourceTree = "<group>"; };
		9D42D80817613B8700614738 /* main.m */ = {isa = PBXFileReference; lastKnownFileType = sourcecode.c.objc; path = main.m; sourceTree = "<group>"; };
		9D42D80A17613B8700614738 /* Sketch-Prefix.pch */ = {isa = PBXFileReference; lastKnownFileType = sourcecode.c.h; path = "Sketch-Prefix.pch"; sourceTree = "<group>"; };
		9D42D80B17613B8700614738 /* AppDelegate.h */ = {isa = PBXFileReference; lastKnownFileType = sourcecode.c.h; path = AppDelegate.h; sourceTree = "<group>"; };
		9D42D80C17613B8700614738 /* AppDelegate.m */ = {isa = PBXFileReference; lastKnownFileType = sourcecode.c.objc; path = AppDelegate.m; sourceTree = "<group>"; };
		9D42D80E17613B8700614738 /* Default.png */ = {isa = PBXFileReference; lastKnownFileType = image.png; path = Default.png; sourceTree = "<group>"; };
		9D42D81017613B8700614738 /* Default@2x.png */ = {isa = PBXFileReference; lastKnownFileType = image.png; path = "Default@2x.png"; sourceTree = "<group>"; };
		9D42D81217613B8700614738 /* Default-568h@2x.png */ = {isa = PBXFileReference; lastKnownFileType = image.png; path = "Default-568h@2x.png"; sourceTree = "<group>"; };
		9D42D81517613B8700614738 /* en */ = {isa = PBXFileReference; lastKnownFileType = file.storyboard; name = en; path = en.lproj/MainStoryboard_iPhone.storyboard; sourceTree = "<group>"; };
		9D42D81817613B8700614738 /* en */ = {isa = PBXFileReference; lastKnownFileType = file.storyboard; name = en; path = en.lproj/MainStoryboard_iPad.storyboard; sourceTree = "<group>"; };
		9D42D81A17613B8700614738 /* ViewController.h */ = {isa = PBXFileReference; lastKnownFileType = sourcecode.c.h; path = ViewController.h; sourceTree = "<group>"; };
		9D42D81B17613B8700614738 /* ViewController.mm */ = {isa = PBXFileReference; lastKnownFileType = sourcecode.cpp.objcpp; path = ViewController.mm; sourceTree = "<group>"; };
		9D42D82217613B8800614738 /* SketchTests.octest */ = {isa = PBXFileReference; explicitFileType = wrapper.cfbundle; includeInIndex = 0; path = SketchTests.octest; sourceTree = BUILT_PRODUCTS_DIR; };
		9D42D82317613B8800614738 /* SenTestingKit.framework */ = {isa = PBXFileReference; lastKnownFileType = wrapper.framework; name = SenTestingKit.framework; path = Library/Frameworks/SenTestingKit.framework; sourceTree = DEVELOPER_DIR; };
		9D42D82B17613B8800614738 /* SketchTests-Info.plist */ = {isa = PBXFileReference; lastKnownFileType = text.plist.xml; path = "SketchTests-Info.plist"; sourceTree = "<group>"; };
		9D42D82D17613B8800614738 /* en */ = {isa = PBXFileReference; lastKnownFileType = text.plist.strings; name = en; path = en.lproj/InfoPlist.strings; sourceTree = "<group>"; };
		9D42D82F17613B8800614738 /* SketchTests.h */ = {isa = PBXFileReference; lastKnownFileType = sourcecode.c.h; path = SketchTests.h; sourceTree = "<group>"; };
		9D42D83017613B8800614738 /* SketchTests.m */ = {isa = PBXFileReference; lastKnownFileType = sourcecode.c.objc; path = SketchTests.m; sourceTree = "<group>"; };
		9D42D843176159C700614738 /* libAudioController.a */ = {isa = PBXFileReference; lastKnownFileType = archive.ar; path = libAudioController.a; sourceTree = BUILT_PRODUCTS_DIR; };
		9D42D845176159CD00614738 /* libGtarController.a */ = {isa = PBXFileReference; lastKnownFileType = archive.ar; path = libGtarController.a; sourceTree = BUILT_PRODUCTS_DIR; };
		9D42D847176159D300614738 /* libgTarAppCore.a */ = {isa = PBXFileReference; lastKnownFileType = archive.ar; path = libgTarAppCore.a; sourceTree = BUILT_PRODUCTS_DIR; };
		9D5EDED0177A41E30020D4EA /* Acoustic Guitar 40.mp3 */ = {isa = PBXFileReference; lastKnownFileType = audio.mp3; name = "Acoustic Guitar 40.mp3"; path = "Resources/Audio/Acoustic Guitar/Acoustic Guitar 40.mp3"; sourceTree = "<group>"; };
		9D5EDED1177A41E30020D4EA /* Acoustic Guitar 41.mp3 */ = {isa = PBXFileReference; lastKnownFileType = audio.mp3; name = "Acoustic Guitar 41.mp3"; path = "Resources/Audio/Acoustic Guitar/Acoustic Guitar 41.mp3"; sourceTree = "<group>"; };
		9D5EDED2177A41E30020D4EA /* Acoustic Guitar 42.mp3 */ = {isa = PBXFileReference; lastKnownFileType = audio.mp3; name = "Acoustic Guitar 42.mp3"; path = "Resources/Audio/Acoustic Guitar/Acoustic Guitar 42.mp3"; sourceTree = "<group>"; };
		9D5EDED3177A41E30020D4EA /* Acoustic Guitar 43.mp3 */ = {isa = PBXFileReference; lastKnownFileType = audio.mp3; name = "Acoustic Guitar 43.mp3"; path = "Resources/Audio/Acoustic Guitar/Acoustic Guitar 43.mp3"; sourceTree = "<group>"; };
		9D5EDED4177A41E30020D4EA /* Acoustic Guitar 44.mp3 */ = {isa = PBXFileReference; lastKnownFileType = audio.mp3; name = "Acoustic Guitar 44.mp3"; path = "Resources/Audio/Acoustic Guitar/Acoustic Guitar 44.mp3"; sourceTree = "<group>"; };
		9D5EDED5177A41E30020D4EA /* Acoustic Guitar 45.mp3 */ = {isa = PBXFileReference; lastKnownFileType = audio.mp3; name = "Acoustic Guitar 45.mp3"; path = "Resources/Audio/Acoustic Guitar/Acoustic Guitar 45.mp3"; sourceTree = "<group>"; };
		9D5EDED6177A41E30020D4EA /* Acoustic Guitar 46.mp3 */ = {isa = PBXFileReference; lastKnownFileType = audio.mp3; name = "Acoustic Guitar 46.mp3"; path = "Resources/Audio/Acoustic Guitar/Acoustic Guitar 46.mp3"; sourceTree = "<group>"; };
		9D5EDED7177A41E30020D4EA /* Acoustic Guitar 47.mp3 */ = {isa = PBXFileReference; lastKnownFileType = audio.mp3; name = "Acoustic Guitar 47.mp3"; path = "Resources/Audio/Acoustic Guitar/Acoustic Guitar 47.mp3"; sourceTree = "<group>"; };
		9D5EDED8177A41E30020D4EA /* Acoustic Guitar 48.mp3 */ = {isa = PBXFileReference; lastKnownFileType = audio.mp3; name = "Acoustic Guitar 48.mp3"; path = "Resources/Audio/Acoustic Guitar/Acoustic Guitar 48.mp3"; sourceTree = "<group>"; };
		9D5EDED9177A41E30020D4EA /* Acoustic Guitar 49.mp3 */ = {isa = PBXFileReference; lastKnownFileType = audio.mp3; name = "Acoustic Guitar 49.mp3"; path = "Resources/Audio/Acoustic Guitar/Acoustic Guitar 49.mp3"; sourceTree = "<group>"; };
		9D5EDEDA177A41E30020D4EA /* Acoustic Guitar 50.mp3 */ = {isa = PBXFileReference; lastKnownFileType = audio.mp3; name = "Acoustic Guitar 50.mp3"; path = "Resources/Audio/Acoustic Guitar/Acoustic Guitar 50.mp3"; sourceTree = "<group>"; };
		9D5EDEDB177A41E30020D4EA /* Acoustic Guitar 51.mp3 */ = {isa = PBXFileReference; lastKnownFileType = audio.mp3; name = "Acoustic Guitar 51.mp3"; path = "Resources/Audio/Acoustic Guitar/Acoustic Guitar 51.mp3"; sourceTree = "<group>"; };
		9D5EDEDC177A41E30020D4EA /* Acoustic Guitar 52.mp3 */ = {isa = PBXFileReference; lastKnownFileType = audio.mp3; name = "Acoustic Guitar 52.mp3"; path = "Resources/Audio/Acoustic Guitar/Acoustic Guitar 52.mp3"; sourceTree = "<group>"; };
		9D5EDEDD177A41E30020D4EA /* Acoustic Guitar 53.mp3 */ = {isa = PBXFileReference; lastKnownFileType = audio.mp3; name = "Acoustic Guitar 53.mp3"; path = "Resources/Audio/Acoustic Guitar/Acoustic Guitar 53.mp3"; sourceTree = "<group>"; };
		9D5EDEDE177A41E30020D4EA /* Acoustic Guitar 54.mp3 */ = {isa = PBXFileReference; lastKnownFileType = audio.mp3; name = "Acoustic Guitar 54.mp3"; path = "Resources/Audio/Acoustic Guitar/Acoustic Guitar 54.mp3"; sourceTree = "<group>"; };
		9D5EDEDF177A41E30020D4EA /* Acoustic Guitar 55.mp3 */ = {isa = PBXFileReference; lastKnownFileType = audio.mp3; name = "Acoustic Guitar 55.mp3"; path = "Resources/Audio/Acoustic Guitar/Acoustic Guitar 55.mp3"; sourceTree = "<group>"; };
		9D5EDEE0177A41E30020D4EA /* Acoustic Guitar 56.mp3 */ = {isa = PBXFileReference; lastKnownFileType = audio.mp3; name = "Acoustic Guitar 56.mp3"; path = "Resources/Audio/Acoustic Guitar/Acoustic Guitar 56.mp3"; sourceTree = "<group>"; };
		9D5EDEE1177A41E30020D4EA /* Acoustic Guitar 57.mp3 */ = {isa = PBXFileReference; lastKnownFileType = audio.mp3; name = "Acoustic Guitar 57.mp3"; path = "Resources/Audio/Acoustic Guitar/Acoustic Guitar 57.mp3"; sourceTree = "<group>"; };
		9D5EDEE2177A41E30020D4EA /* Acoustic Guitar 58.mp3 */ = {isa = PBXFileReference; lastKnownFileType = audio.mp3; name = "Acoustic Guitar 58.mp3"; path = "Resources/Audio/Acoustic Guitar/Acoustic Guitar 58.mp3"; sourceTree = "<group>"; };
		9D5EDEE3177A41E30020D4EA /* Acoustic Guitar 59.mp3 */ = {isa = PBXFileReference; lastKnownFileType = audio.mp3; name = "Acoustic Guitar 59.mp3"; path = "Resources/Audio/Acoustic Guitar/Acoustic Guitar 59.mp3"; sourceTree = "<group>"; };
		9D5EDEE4177A41E30020D4EA /* Acoustic Guitar 60.mp3 */ = {isa = PBXFileReference; lastKnownFileType = audio.mp3; name = "Acoustic Guitar 60.mp3"; path = "Resources/Audio/Acoustic Guitar/Acoustic Guitar 60.mp3"; sourceTree = "<group>"; };
		9D5EDEE5177A41E30020D4EA /* Acoustic Guitar 61.mp3 */ = {isa = PBXFileReference; lastKnownFileType = audio.mp3; name = "Acoustic Guitar 61.mp3"; path = "Resources/Audio/Acoustic Guitar/Acoustic Guitar 61.mp3"; sourceTree = "<group>"; };
		9D5EDEE6177A41E30020D4EA /* Acoustic Guitar 62.mp3 */ = {isa = PBXFileReference; lastKnownFileType = audio.mp3; name = "Acoustic Guitar 62.mp3"; path = "Resources/Audio/Acoustic Guitar/Acoustic Guitar 62.mp3"; sourceTree = "<group>"; };
		9D5EDEE7177A41E30020D4EA /* Acoustic Guitar 63.mp3 */ = {isa = PBXFileReference; lastKnownFileType = audio.mp3; name = "Acoustic Guitar 63.mp3"; path = "Resources/Audio/Acoustic Guitar/Acoustic Guitar 63.mp3"; sourceTree = "<group>"; };
		9D5EDEE8177A41E30020D4EA /* Acoustic Guitar 64.mp3 */ = {isa = PBXFileReference; lastKnownFileType = audio.mp3; name = "Acoustic Guitar 64.mp3"; path = "Resources/Audio/Acoustic Guitar/Acoustic Guitar 64.mp3"; sourceTree = "<group>"; };
		9D5EDEE9177A41E30020D4EA /* Acoustic Guitar 65.mp3 */ = {isa = PBXFileReference; lastKnownFileType = audio.mp3; name = "Acoustic Guitar 65.mp3"; path = "Resources/Audio/Acoustic Guitar/Acoustic Guitar 65.mp3"; sourceTree = "<group>"; };
		9D5EDEEA177A41E30020D4EA /* Acoustic Guitar 66.mp3 */ = {isa = PBXFileReference; lastKnownFileType = audio.mp3; name = "Acoustic Guitar 66.mp3"; path = "Resources/Audio/Acoustic Guitar/Acoustic Guitar 66.mp3"; sourceTree = "<group>"; };
		9D5EDEEB177A41E30020D4EA /* Acoustic Guitar 67.mp3 */ = {isa = PBXFileReference; lastKnownFileType = audio.mp3; name = "Acoustic Guitar 67.mp3"; path = "Resources/Audio/Acoustic Guitar/Acoustic Guitar 67.mp3"; sourceTree = "<group>"; };
		9D5EDEEC177A41E30020D4EA /* Acoustic Guitar 68.mp3 */ = {isa = PBXFileReference; lastKnownFileType = audio.mp3; name = "Acoustic Guitar 68.mp3"; path = "Resources/Audio/Acoustic Guitar/Acoustic Guitar 68.mp3"; sourceTree = "<group>"; };
		9D5EDEED177A41E30020D4EA /* Acoustic Guitar 69.mp3 */ = {isa = PBXFileReference; lastKnownFileType = audio.mp3; name = "Acoustic Guitar 69.mp3"; path = "Resources/Audio/Acoustic Guitar/Acoustic Guitar 69.mp3"; sourceTree = "<group>"; };
		9D5EDEEE177A41E30020D4EA /* Acoustic Guitar 70.mp3 */ = {isa = PBXFileReference; lastKnownFileType = audio.mp3; name = "Acoustic Guitar 70.mp3"; path = "Resources/Audio/Acoustic Guitar/Acoustic Guitar 70.mp3"; sourceTree = "<group>"; };
		9D5EDEEF177A41E30020D4EA /* Acoustic Guitar 71.mp3 */ = {isa = PBXFileReference; lastKnownFileType = audio.mp3; name = "Acoustic Guitar 71.mp3"; path = "Resources/Audio/Acoustic Guitar/Acoustic Guitar 71.mp3"; sourceTree = "<group>"; };
		9D5EDEF0177A41E30020D4EA /* Acoustic Guitar 72.mp3 */ = {isa = PBXFileReference; lastKnownFileType = audio.mp3; name = "Acoustic Guitar 72.mp3"; path = "Resources/Audio/Acoustic Guitar/Acoustic Guitar 72.mp3"; sourceTree = "<group>"; };
		9D5EDEF1177A41E30020D4EA /* Acoustic Guitar 73.mp3 */ = {isa = PBXFileReference; lastKnownFileType = audio.mp3; name = "Acoustic Guitar 73.mp3"; path = "Resources/Audio/Acoustic Guitar/Acoustic Guitar 73.mp3"; sourceTree = "<group>"; };
		9D5EDEF2177A41E30020D4EA /* Acoustic Guitar 74.mp3 */ = {isa = PBXFileReference; lastKnownFileType = audio.mp3; name = "Acoustic Guitar 74.mp3"; path = "Resources/Audio/Acoustic Guitar/Acoustic Guitar 74.mp3"; sourceTree = "<group>"; };
		9D5EDEF3177A41E30020D4EA /* Acoustic Guitar 75.mp3 */ = {isa = PBXFileReference; lastKnownFileType = audio.mp3; name = "Acoustic Guitar 75.mp3"; path = "Resources/Audio/Acoustic Guitar/Acoustic Guitar 75.mp3"; sourceTree = "<group>"; };
		9D5EDEF4177A41E30020D4EA /* Acoustic Guitar 76.mp3 */ = {isa = PBXFileReference; lastKnownFileType = audio.mp3; name = "Acoustic Guitar 76.mp3"; path = "Resources/Audio/Acoustic Guitar/Acoustic Guitar 76.mp3"; sourceTree = "<group>"; };
		9D5EDEF5177A41E30020D4EA /* Acoustic Guitar 77.mp3 */ = {isa = PBXFileReference; lastKnownFileType = audio.mp3; name = "Acoustic Guitar 77.mp3"; path = "Resources/Audio/Acoustic Guitar/Acoustic Guitar 77.mp3"; sourceTree = "<group>"; };
		9D5EDEF6177A41E30020D4EA /* Acoustic Guitar 78.mp3 */ = {isa = PBXFileReference; lastKnownFileType = audio.mp3; name = "Acoustic Guitar 78.mp3"; path = "Resources/Audio/Acoustic Guitar/Acoustic Guitar 78.mp3"; sourceTree = "<group>"; };
		9D5EDEF7177A41E30020D4EA /* Acoustic Guitar 79.mp3 */ = {isa = PBXFileReference; lastKnownFileType = audio.mp3; name = "Acoustic Guitar 79.mp3"; path = "Resources/Audio/Acoustic Guitar/Acoustic Guitar 79.mp3"; sourceTree = "<group>"; };
		9D5EDEF8177A41E30020D4EA /* Acoustic Guitar 80.mp3 */ = {isa = PBXFileReference; lastKnownFileType = audio.mp3; name = "Acoustic Guitar 80.mp3"; path = "Resources/Audio/Acoustic Guitar/Acoustic Guitar 80.mp3"; sourceTree = "<group>"; };
		9D5EDEF9177A41E30020D4EA /* Acoustic Guitar 81.mp3 */ = {isa = PBXFileReference; lastKnownFileType = audio.mp3; name = "Acoustic Guitar 81.mp3"; path = "Resources/Audio/Acoustic Guitar/Acoustic Guitar 81.mp3"; sourceTree = "<group>"; };
		9D5EDEFA177A41E30020D4EA /* Acoustic Guitar 82.mp3 */ = {isa = PBXFileReference; lastKnownFileType = audio.mp3; name = "Acoustic Guitar 82.mp3"; path = "Resources/Audio/Acoustic Guitar/Acoustic Guitar 82.mp3"; sourceTree = "<group>"; };
		9D68DDE917A2FD0B000B2056 /* PlayerViewController.h */ = {isa = PBXFileReference; fileEncoding = 4; lastKnownFileType = sourcecode.c.h; path = PlayerViewController.h; sourceTree = "<group>"; };
		9D68DDEA17A2FD0B000B2056 /* PlayerViewController.m */ = {isa = PBXFileReference; fileEncoding = 4; lastKnownFileType = sourcecode.c.objc; path = PlayerViewController.m; sourceTree = "<group>"; };
		9D68DDEB17A2FD0B000B2056 /* PlayerViewController.xib */ = {isa = PBXFileReference; fileEncoding = 4; lastKnownFileType = file.xib; path = PlayerViewController.xib; sourceTree = "<group>"; };
		9D846E7C179775B400A28FF6 /* Delete_Button.png */ = {isa = PBXFileReference; lastKnownFileType = image.png; name = Delete_Button.png; path = Resources/Images/Delete_Button.png; sourceTree = "<group>"; };
		9D846E7E179775C500A28FF6 /* Edit_Button.png */ = {isa = PBXFileReference; lastKnownFileType = image.png; name = Edit_Button.png; path = Resources/Images/Edit_Button.png; sourceTree = "<group>"; };
		9D846E7F179775C500A28FF6 /* Instrument_Icon.png */ = {isa = PBXFileReference; lastKnownFileType = image.png; name = Instrument_Icon.png; path = Resources/Images/Instrument_Icon.png; sourceTree = "<group>"; };
		9D846E80179775C500A28FF6 /* Play_ButtonGREY.png */ = {isa = PBXFileReference; lastKnownFileType = image.png; name = Play_ButtonGREY.png; path = Resources/Images/Play_ButtonGREY.png; sourceTree = "<group>"; };
		9D846E81179775C500A28FF6 /* Play_ButtonWHITE.png */ = {isa = PBXFileReference; lastKnownFileType = image.png; name = Play_ButtonWHITE.png; path = Resources/Images/Play_ButtonWHITE.png; sourceTree = "<group>"; };
		9D846E82179775C500A28FF6 /* Stop_Icon.png */ = {isa = PBXFileReference; lastKnownFileType = image.png; name = Stop_Icon.png; path = Resources/Images/Stop_Icon.png; sourceTree = "<group>"; };
		9D846E83179775C500A28FF6 /* Rec_Icon.png */ = {isa = PBXFileReference; lastKnownFileType = image.png; name = Rec_Icon.png; path = Resources/Images/Rec_Icon.png; sourceTree = "<group>"; };
		9D846E84179775C500A28FF6 /* Volume_Icon.png */ = {isa = PBXFileReference; lastKnownFileType = image.png; name = Volume_Icon.png; path = Resources/Images/Volume_Icon.png; sourceTree = "<group>"; };
		9D846E85179775C500A28FF6 /* Volume_Knob.png */ = {isa = PBXFileReference; lastKnownFileType = image.png; name = Volume_Knob.png; path = Resources/Images/Volume_Knob.png; sourceTree = "<group>"; };
		9D846E86179775C500A28FF6 /* Volume_Minus.png */ = {isa = PBXFileReference; lastKnownFileType = image.png; name = Volume_Minus.png; path = Resources/Images/Volume_Minus.png; sourceTree = "<group>"; };
		9D846E87179775C500A28FF6 /* Volume_Plus.png */ = {isa = PBXFileReference; lastKnownFileType = image.png; name = Volume_Plus.png; path = Resources/Images/Volume_Plus.png; sourceTree = "<group>"; };
		9D846E88179775C500A28FF6 /* Volume_Slider.png */ = {isa = PBXFileReference; lastKnownFileType = image.png; name = Volume_Slider.png; path = Resources/Images/Volume_Slider.png; sourceTree = "<group>"; };
		9D846E98179DB51200A28FF6 /* SongViewCell.h */ = {isa = PBXFileReference; fileEncoding = 4; lastKnownFileType = sourcecode.c.h; path = SongViewCell.h; sourceTree = "<group>"; };
		9D846E99179DB51200A28FF6 /* SongViewCell.m */ = {isa = PBXFileReference; fileEncoding = 4; lastKnownFileType = sourcecode.c.objc; path = SongViewCell.m; sourceTree = "<group>"; };
		9D846E9B179E21F400A28FF6 /* SongTableViewController.h */ = {isa = PBXFileReference; fileEncoding = 4; lastKnownFileType = sourcecode.c.h; path = SongTableViewController.h; sourceTree = "<group>"; };
		9D846E9C179E21F400A28FF6 /* SongTableViewController.m */ = {isa = PBXFileReference; fileEncoding = 4; lastKnownFileType = sourcecode.c.objc; path = SongTableViewController.m; sourceTree = "<group>"; };
		9D846E9E17A10D2900A28FF6 /* QuartzCore.framework */ = {isa = PBXFileReference; lastKnownFileType = wrapper.framework; name = QuartzCore.framework; path = System/Library/Frameworks/QuartzCore.framework; sourceTree = SDKROOT; };
		9D8E3D381778F5DD0052AE20 /* instruments.plist */ = {isa = PBXFileReference; fileEncoding = 4; lastKnownFileType = text.plist.xml; path = instruments.plist; sourceTree = "<group>"; };
		9D8E3D3A1778FB050052AE20 /* AudioToolbox.framework */ = {isa = PBXFileReference; lastKnownFileType = wrapper.framework; name = AudioToolbox.framework; path = System/Library/Frameworks/AudioToolbox.framework; sourceTree = SDKROOT; };
		9D8E3D3C1778FB130052AE20 /* CoreMIDI.framework */ = {isa = PBXFileReference; lastKnownFileType = wrapper.framework; name = CoreMIDI.framework; path = System/Library/Frameworks/CoreMIDI.framework; sourceTree = SDKROOT; };
/* End PBXFileReference section */

/* Begin PBXFrameworksBuildPhase section */
		9D42D7F617613B8700614738 /* Frameworks */ = {
			isa = PBXFrameworksBuildPhase;
			buildActionMask = 2147483647;
			files = (
				9D846E9F17A10D2900A28FF6 /* QuartzCore.framework in Frameworks */,
				9D42D846176159CD00614738 /* libGtarController.a in Frameworks */,
				9D42D844176159C700614738 /* libAudioController.a in Frameworks */,
				9D42D848176159D300614738 /* libgTarAppCore.a in Frameworks */,
				9D42D7FD17613B8700614738 /* UIKit.framework in Frameworks */,
				9D42D7FF17613B8700614738 /* Foundation.framework in Frameworks */,
				9D42D80117613B8700614738 /* CoreGraphics.framework in Frameworks */,
				9D8E3D3B1778FB050052AE20 /* AudioToolbox.framework in Frameworks */,
				9D8E3D3D1778FB130052AE20 /* CoreMIDI.framework in Frameworks */,
			);
			runOnlyForDeploymentPostprocessing = 0;
		};
		9D42D81E17613B8800614738 /* Frameworks */ = {
			isa = PBXFrameworksBuildPhase;
			buildActionMask = 2147483647;
			files = (
				9D42D82417613B8800614738 /* SenTestingKit.framework in Frameworks */,
				9D42D82517613B8800614738 /* UIKit.framework in Frameworks */,
				9D42D82617613B8800614738 /* Foundation.framework in Frameworks */,
			);
			runOnlyForDeploymentPostprocessing = 0;
		};
/* End PBXFrameworksBuildPhase section */

/* Begin PBXGroup section */
		9D42D7F017613B8700614738 = {
			isa = PBXGroup;
			children = (
				9D42D80217613B8700614738 /* Sketch */,
				9D42D82917613B8800614738 /* SketchTests */,
				9D5EDECD177A41770020D4EA /* Resources */,
				9D42D7FB17613B8700614738 /* Frameworks */,
				9D42D7FA17613B8700614738 /* Products */,
			);
			sourceTree = "<group>";
		};
		9D42D7FA17613B8700614738 /* Products */ = {
			isa = PBXGroup;
			children = (
				9D42D7F917613B8700614738 /* Sketch.app */,
				9D42D82217613B8800614738 /* SketchTests.octest */,
			);
			name = Products;
			sourceTree = "<group>";
		};
		9D42D7FB17613B8700614738 /* Frameworks */ = {
			isa = PBXGroup;
			children = (
				9D42D847176159D300614738 /* libgTarAppCore.a */,
				9D42D845176159CD00614738 /* libGtarController.a */,
				9D42D843176159C700614738 /* libAudioController.a */,
				9D8E3D3A1778FB050052AE20 /* AudioToolbox.framework */,
				9D8E3D3C1778FB130052AE20 /* CoreMIDI.framework */,
				9D42D7FC17613B8700614738 /* UIKit.framework */,
				9D42D7FE17613B8700614738 /* Foundation.framework */,
				9D42D80017613B8700614738 /* CoreGraphics.framework */,
				9D846E9E17A10D2900A28FF6 /* QuartzCore.framework */,
				9D42D82317613B8800614738 /* SenTestingKit.framework */,
			);
			name = Frameworks;
			sourceTree = "<group>";
		};
		9D42D80217613B8700614738 /* Sketch */ = {
			isa = PBXGroup;
			children = (
				9D42D80B17613B8700614738 /* AppDelegate.h */,
				9D42D80C17613B8700614738 /* AppDelegate.m */,
				9D42D81417613B8700614738 /* MainStoryboard_iPhone.storyboard */,
				9D42D81717613B8700614738 /* MainStoryboard_iPad.storyboard */,
				9D42D81A17613B8700614738 /* ViewController.h */,
				9D42D81B17613B8700614738 /* ViewController.mm */,
				9D846E98179DB51200A28FF6 /* SongViewCell.h */,
				9D846E99179DB51200A28FF6 /* SongViewCell.m */,
				9D846E9B179E21F400A28FF6 /* SongTableViewController.h */,
				9D846E9C179E21F400A28FF6 /* SongTableViewController.m */,
				9D68DDE917A2FD0B000B2056 /* PlayerViewController.h */,
				9D68DDEA17A2FD0B000B2056 /* PlayerViewController.m */,
				9D68DDEB17A2FD0B000B2056 /* PlayerViewController.xib */,
				9D42D80317613B8700614738 /* Supporting Files */,
			);
			path = Sketch;
			sourceTree = "<group>";
		};
		9D42D80317613B8700614738 /* Supporting Files */ = {
			isa = PBXGroup;
			children = (
				9D8E3D381778F5DD0052AE20 /* instruments.plist */,
				9D42D80417613B8700614738 /* Sketch-Info.plist */,
				9D42D80517613B8700614738 /* InfoPlist.strings */,
				9D42D80817613B8700614738 /* main.m */,
				9D42D80A17613B8700614738 /* Sketch-Prefix.pch */,
				9D42D80E17613B8700614738 /* Default.png */,
				9D42D81017613B8700614738 /* Default@2x.png */,
				9D42D81217613B8700614738 /* Default-568h@2x.png */,
			);
			name = "Supporting Files";
			sourceTree = "<group>";
		};
		9D42D82917613B8800614738 /* SketchTests */ = {
			isa = PBXGroup;
			children = (
				9D42D82F17613B8800614738 /* SketchTests.h */,
				9D42D83017613B8800614738 /* SketchTests.m */,
				9D42D82A17613B8800614738 /* Supporting Files */,
			);
			path = SketchTests;
			sourceTree = "<group>";
		};
		9D42D82A17613B8800614738 /* Supporting Files */ = {
			isa = PBXGroup;
			children = (
				9D42D82B17613B8800614738 /* SketchTests-Info.plist */,
				9D42D82C17613B8800614738 /* InfoPlist.strings */,
			);
			name = "Supporting Files";
			sourceTree = "<group>";
		};
		9D5EDECD177A41770020D4EA /* Resources */ = {
			isa = PBXGroup;
			children = (
				9D846E7B1797759600A28FF6 /* Images */,
				9D5EDECE177A418D0020D4EA /* Audio */,
			);
			name = Resources;
			path = Sketch;
			sourceTree = "<group>";
		};
		9D5EDECE177A418D0020D4EA /* Audio */ = {
			isa = PBXGroup;
			children = (
				9D5EDECF177A41C10020D4EA /* New Group */,
			);
			name = Audio;
			sourceTree = "<group>";
		};
		9D5EDECF177A41C10020D4EA /* New Group */ = {
			isa = PBXGroup;
			children = (
				9D5EDED0177A41E30020D4EA /* Acoustic Guitar 40.mp3 */,
				9D5EDED1177A41E30020D4EA /* Acoustic Guitar 41.mp3 */,
				9D5EDED2177A41E30020D4EA /* Acoustic Guitar 42.mp3 */,
				9D5EDED3177A41E30020D4EA /* Acoustic Guitar 43.mp3 */,
				9D5EDED4177A41E30020D4EA /* Acoustic Guitar 44.mp3 */,
				9D5EDED5177A41E30020D4EA /* Acoustic Guitar 45.mp3 */,
				9D5EDED6177A41E30020D4EA /* Acoustic Guitar 46.mp3 */,
				9D5EDED7177A41E30020D4EA /* Acoustic Guitar 47.mp3 */,
				9D5EDED8177A41E30020D4EA /* Acoustic Guitar 48.mp3 */,
				9D5EDED9177A41E30020D4EA /* Acoustic Guitar 49.mp3 */,
				9D5EDEDA177A41E30020D4EA /* Acoustic Guitar 50.mp3 */,
				9D5EDEDB177A41E30020D4EA /* Acoustic Guitar 51.mp3 */,
				9D5EDEDC177A41E30020D4EA /* Acoustic Guitar 52.mp3 */,
				9D5EDEDD177A41E30020D4EA /* Acoustic Guitar 53.mp3 */,
				9D5EDEDE177A41E30020D4EA /* Acoustic Guitar 54.mp3 */,
				9D5EDEDF177A41E30020D4EA /* Acoustic Guitar 55.mp3 */,
				9D5EDEE0177A41E30020D4EA /* Acoustic Guitar 56.mp3 */,
				9D5EDEE1177A41E30020D4EA /* Acoustic Guitar 57.mp3 */,
				9D5EDEE2177A41E30020D4EA /* Acoustic Guitar 58.mp3 */,
				9D5EDEE3177A41E30020D4EA /* Acoustic Guitar 59.mp3 */,
				9D5EDEE4177A41E30020D4EA /* Acoustic Guitar 60.mp3 */,
				9D5EDEE5177A41E30020D4EA /* Acoustic Guitar 61.mp3 */,
				9D5EDEE6177A41E30020D4EA /* Acoustic Guitar 62.mp3 */,
				9D5EDEE7177A41E30020D4EA /* Acoustic Guitar 63.mp3 */,
				9D5EDEE8177A41E30020D4EA /* Acoustic Guitar 64.mp3 */,
				9D5EDEE9177A41E30020D4EA /* Acoustic Guitar 65.mp3 */,
				9D5EDEEA177A41E30020D4EA /* Acoustic Guitar 66.mp3 */,
				9D5EDEEB177A41E30020D4EA /* Acoustic Guitar 67.mp3 */,
				9D5EDEEC177A41E30020D4EA /* Acoustic Guitar 68.mp3 */,
				9D5EDEED177A41E30020D4EA /* Acoustic Guitar 69.mp3 */,
				9D5EDEEE177A41E30020D4EA /* Acoustic Guitar 70.mp3 */,
				9D5EDEEF177A41E30020D4EA /* Acoustic Guitar 71.mp3 */,
				9D5EDEF0177A41E30020D4EA /* Acoustic Guitar 72.mp3 */,
				9D5EDEF1177A41E30020D4EA /* Acoustic Guitar 73.mp3 */,
				9D5EDEF2177A41E30020D4EA /* Acoustic Guitar 74.mp3 */,
				9D5EDEF3177A41E30020D4EA /* Acoustic Guitar 75.mp3 */,
				9D5EDEF4177A41E30020D4EA /* Acoustic Guitar 76.mp3 */,
				9D5EDEF5177A41E30020D4EA /* Acoustic Guitar 77.mp3 */,
				9D5EDEF6177A41E30020D4EA /* Acoustic Guitar 78.mp3 */,
				9D5EDEF7177A41E30020D4EA /* Acoustic Guitar 79.mp3 */,
				9D5EDEF8177A41E30020D4EA /* Acoustic Guitar 80.mp3 */,
				9D5EDEF9177A41E30020D4EA /* Acoustic Guitar 81.mp3 */,
				9D5EDEFA177A41E30020D4EA /* Acoustic Guitar 82.mp3 */,
			);
			name = "New Group";
			sourceTree = "<group>";
		};
		9D846E7B1797759600A28FF6 /* Images */ = {
			isa = PBXGroup;
			children = (
				9D846E7E179775C500A28FF6 /* Edit_Button.png */,
				9D846E7F179775C500A28FF6 /* Instrument_Icon.png */,
				9D846E80179775C500A28FF6 /* Play_ButtonGREY.png */,
				9D846E81179775C500A28FF6 /* Play_ButtonWHITE.png */,
				9D846E82179775C500A28FF6 /* Stop_Icon.png */,
				9D846E83179775C500A28FF6 /* Rec_Icon.png */,
				9D846E84179775C500A28FF6 /* Volume_Icon.png */,
				9D846E85179775C500A28FF6 /* Volume_Knob.png */,
				9D846E86179775C500A28FF6 /* Volume_Minus.png */,
				9D846E87179775C500A28FF6 /* Volume_Plus.png */,
				9D846E88179775C500A28FF6 /* Volume_Slider.png */,
				9D846E7C179775B400A28FF6 /* Delete_Button.png */,
			);
			name = Images;
			sourceTree = "<group>";
		};
/* End PBXGroup section */

/* Begin PBXNativeTarget section */
		9D42D7F817613B8700614738 /* Sketch */ = {
			isa = PBXNativeTarget;
			buildConfigurationList = 9D42D83417613B8800614738 /* Build configuration list for PBXNativeTarget "Sketch" */;
			buildPhases = (
				9D42D7F517613B8700614738 /* Sources */,
				9D42D7F617613B8700614738 /* Frameworks */,
				9D42D7F717613B8700614738 /* Resources */,
			);
			buildRules = (
			);
			dependencies = (
			);
			name = Sketch;
			productName = Sketch;
			productReference = 9D42D7F917613B8700614738 /* Sketch.app */;
			productType = "com.apple.product-type.application";
		};
		9D42D82117613B8800614738 /* SketchTests */ = {
			isa = PBXNativeTarget;
			buildConfigurationList = 9D42D83717613B8800614738 /* Build configuration list for PBXNativeTarget "SketchTests" */;
			buildPhases = (
				9D42D81D17613B8800614738 /* Sources */,
				9D42D81E17613B8800614738 /* Frameworks */,
				9D42D81F17613B8800614738 /* Resources */,
				9D42D82017613B8800614738 /* ShellScript */,
			);
			buildRules = (
			);
			dependencies = (
				9D42D82817613B8800614738 /* PBXTargetDependency */,
			);
			name = SketchTests;
			productName = SketchTests;
			productReference = 9D42D82217613B8800614738 /* SketchTests.octest */;
			productType = "com.apple.product-type.bundle";
		};
/* End PBXNativeTarget section */

/* Begin PBXProject section */
		9D42D7F117613B8700614738 /* Project object */ = {
			isa = PBXProject;
			attributes = {
				LastUpgradeCheck = 0460;
			};
			buildConfigurationList = 9D42D7F417613B8700614738 /* Build configuration list for PBXProject "Sketch" */;
			compatibilityVersion = "Xcode 3.2";
			developmentRegion = English;
			hasScannedForEncodings = 0;
			knownRegions = (
				en,
			);
			mainGroup = 9D42D7F017613B8700614738;
			productRefGroup = 9D42D7FA17613B8700614738 /* Products */;
			projectDirPath = "";
			projectRoot = "";
			targets = (
				9D42D7F817613B8700614738 /* Sketch */,
				9D42D82117613B8800614738 /* SketchTests */,
			);
		};
/* End PBXProject section */

/* Begin PBXResourcesBuildPhase section */
		9D42D7F717613B8700614738 /* Resources */ = {
			isa = PBXResourcesBuildPhase;
			buildActionMask = 2147483647;
			files = (
				9D42D80717613B8700614738 /* InfoPlist.strings in Resources */,
				9D42D80F17613B8700614738 /* Default.png in Resources */,
				9D42D81117613B8700614738 /* Default@2x.png in Resources */,
				9D42D81317613B8700614738 /* Default-568h@2x.png in Resources */,
				9D42D81617613B8700614738 /* MainStoryboard_iPhone.storyboard in Resources */,
				9D42D81917613B8700614738 /* MainStoryboard_iPad.storyboard in Resources */,
				9D8E3D391778F5DD0052AE20 /* instruments.plist in Resources */,
				9D5EDEFB177A41E30020D4EA /* Acoustic Guitar 40.mp3 in Resources */,
				9D5EDEFC177A41E30020D4EA /* Acoustic Guitar 41.mp3 in Resources */,
				9D5EDEFD177A41E30020D4EA /* Acoustic Guitar 42.mp3 in Resources */,
				9D5EDEFE177A41E30020D4EA /* Acoustic Guitar 43.mp3 in Resources */,
				9D5EDEFF177A41E30020D4EA /* Acoustic Guitar 44.mp3 in Resources */,
				9D5EDF00177A41E30020D4EA /* Acoustic Guitar 45.mp3 in Resources */,
				9D5EDF01177A41E30020D4EA /* Acoustic Guitar 46.mp3 in Resources */,
				9D5EDF02177A41E30020D4EA /* Acoustic Guitar 47.mp3 in Resources */,
				9D5EDF03177A41E30020D4EA /* Acoustic Guitar 48.mp3 in Resources */,
				9D5EDF04177A41E30020D4EA /* Acoustic Guitar 49.mp3 in Resources */,
				9D5EDF05177A41E30020D4EA /* Acoustic Guitar 50.mp3 in Resources */,
				9D5EDF06177A41E30020D4EA /* Acoustic Guitar 51.mp3 in Resources */,
				9D5EDF07177A41E30020D4EA /* Acoustic Guitar 52.mp3 in Resources */,
				9D5EDF08177A41E30020D4EA /* Acoustic Guitar 53.mp3 in Resources */,
				9D5EDF09177A41E30020D4EA /* Acoustic Guitar 54.mp3 in Resources */,
				9D5EDF0A177A41E30020D4EA /* Acoustic Guitar 55.mp3 in Resources */,
				9D5EDF0B177A41E30020D4EA /* Acoustic Guitar 56.mp3 in Resources */,
				9D5EDF0C177A41E30020D4EA /* Acoustic Guitar 57.mp3 in Resources */,
				9D5EDF0D177A41E30020D4EA /* Acoustic Guitar 58.mp3 in Resources */,
				9D5EDF0E177A41E30020D4EA /* Acoustic Guitar 59.mp3 in Resources */,
				9D5EDF0F177A41E30020D4EA /* Acoustic Guitar 60.mp3 in Resources */,
				9D5EDF10177A41E30020D4EA /* Acoustic Guitar 61.mp3 in Resources */,
				9D5EDF11177A41E30020D4EA /* Acoustic Guitar 62.mp3 in Resources */,
				9D5EDF12177A41E30020D4EA /* Acoustic Guitar 63.mp3 in Resources */,
				9D5EDF13177A41E30020D4EA /* Acoustic Guitar 64.mp3 in Resources */,
				9D5EDF14177A41E30020D4EA /* Acoustic Guitar 65.mp3 in Resources */,
				9D5EDF15177A41E30020D4EA /* Acoustic Guitar 66.mp3 in Resources */,
				9D5EDF16177A41E30020D4EA /* Acoustic Guitar 67.mp3 in Resources */,
				9D5EDF17177A41E30020D4EA /* Acoustic Guitar 68.mp3 in Resources */,
				9D5EDF18177A41E30020D4EA /* Acoustic Guitar 69.mp3 in Resources */,
				9D5EDF19177A41E30020D4EA /* Acoustic Guitar 70.mp3 in Resources */,
				9D5EDF1A177A41E30020D4EA /* Acoustic Guitar 71.mp3 in Resources */,
				9D5EDF1B177A41E30020D4EA /* Acoustic Guitar 72.mp3 in Resources */,
				9D5EDF1C177A41E30020D4EA /* Acoustic Guitar 73.mp3 in Resources */,
				9D5EDF1D177A41E30020D4EA /* Acoustic Guitar 74.mp3 in Resources */,
				9D5EDF1E177A41E30020D4EA /* Acoustic Guitar 75.mp3 in Resources */,
				9D5EDF1F177A41E30020D4EA /* Acoustic Guitar 76.mp3 in Resources */,
				9D5EDF20177A41E30020D4EA /* Acoustic Guitar 77.mp3 in Resources */,
				9D5EDF21177A41E30020D4EA /* Acoustic Guitar 78.mp3 in Resources */,
				9D5EDF22177A41E30020D4EA /* Acoustic Guitar 79.mp3 in Resources */,
				9D5EDF23177A41E30020D4EA /* Acoustic Guitar 80.mp3 in Resources */,
				9D5EDF24177A41E30020D4EA /* Acoustic Guitar 81.mp3 in Resources */,
				9D5EDF25177A41E30020D4EA /* Acoustic Guitar 82.mp3 in Resources */,
				9D846E7D179775B400A28FF6 /* Delete_Button.png in Resources */,
				9D846E89179775C500A28FF6 /* Edit_Button.png in Resources */,
				9D846E8A179775C500A28FF6 /* Instrument_Icon.png in Resources */,
				9D846E8B179775C500A28FF6 /* Play_ButtonGREY.png in Resources */,
				9D846E8C179775C500A28FF6 /* Play_ButtonWHITE.png in Resources */,
				9D846E8D179775C500A28FF6 /* Stop_Icon.png in Resources */,
				9D846E8E179775C500A28FF6 /* Rec_Icon.png in Resources */,
				9D846E8F179775C500A28FF6 /* Volume_Icon.png in Resources */,
				9D846E90179775C500A28FF6 /* Volume_Knob.png in Resources */,
				9D846E91179775C500A28FF6 /* Volume_Minus.png in Resources */,
				9D846E92179775C500A28FF6 /* Volume_Plus.png in Resources */,
				9D846E93179775C500A28FF6 /* Volume_Slider.png in Resources */,
				9D68DDED17A2FD0B000B2056 /* PlayerViewController.xib in Resources */,
			);
			runOnlyForDeploymentPostprocessing = 0;
		};
		9D42D81F17613B8800614738 /* Resources */ = {
			isa = PBXResourcesBuildPhase;
			buildActionMask = 2147483647;
			files = (
				9D42D82E17613B8800614738 /* InfoPlist.strings in Resources */,
			);
			runOnlyForDeploymentPostprocessing = 0;
		};
/* End PBXResourcesBuildPhase section */

/* Begin PBXShellScriptBuildPhase section */
		9D42D82017613B8800614738 /* ShellScript */ = {
			isa = PBXShellScriptBuildPhase;
			buildActionMask = 2147483647;
			files = (
			);
			inputPaths = (
			);
			outputPaths = (
			);
			runOnlyForDeploymentPostprocessing = 0;
			shellPath = /bin/sh;
			shellScript = "# Run the unit tests in this test bundle.\n\"${SYSTEM_DEVELOPER_DIR}/Tools/RunUnitTests\"\n";
		};
/* End PBXShellScriptBuildPhase section */

/* Begin PBXSourcesBuildPhase section */
		9D42D7F517613B8700614738 /* Sources */ = {
			isa = PBXSourcesBuildPhase;
			buildActionMask = 2147483647;
			files = (
				9D42D80917613B8700614738 /* main.m in Sources */,
				9D42D80D17613B8700614738 /* AppDelegate.m in Sources */,
				9D42D81C17613B8700614738 /* ViewController.mm in Sources */,
				9D846E9A179DB51300A28FF6 /* SongViewCell.m in Sources */,
				9D846E9D179E21F500A28FF6 /* SongTableViewController.m in Sources */,
				9D68DDEC17A2FD0B000B2056 /* PlayerViewController.m in Sources */,
			);
			runOnlyForDeploymentPostprocessing = 0;
		};
		9D42D81D17613B8800614738 /* Sources */ = {
			isa = PBXSourcesBuildPhase;
			buildActionMask = 2147483647;
			files = (
				9D42D83117613B8800614738 /* SketchTests.m in Sources */,
			);
			runOnlyForDeploymentPostprocessing = 0;
		};
/* End PBXSourcesBuildPhase section */

/* Begin PBXTargetDependency section */
		9D42D82817613B8800614738 /* PBXTargetDependency */ = {
			isa = PBXTargetDependency;
			target = 9D42D7F817613B8700614738 /* Sketch */;
			targetProxy = 9D42D82717613B8800614738 /* PBXContainerItemProxy */;
		};
/* End PBXTargetDependency section */

/* Begin PBXVariantGroup section */
		9D42D80517613B8700614738 /* InfoPlist.strings */ = {
			isa = PBXVariantGroup;
			children = (
				9D42D80617613B8700614738 /* en */,
			);
			name = InfoPlist.strings;
			sourceTree = "<group>";
		};
		9D42D81417613B8700614738 /* MainStoryboard_iPhone.storyboard */ = {
			isa = PBXVariantGroup;
			children = (
				9D42D81517613B8700614738 /* en */,
			);
			name = MainStoryboard_iPhone.storyboard;
			sourceTree = "<group>";
		};
		9D42D81717613B8700614738 /* MainStoryboard_iPad.storyboard */ = {
			isa = PBXVariantGroup;
			children = (
				9D42D81817613B8700614738 /* en */,
			);
			name = MainStoryboard_iPad.storyboard;
			sourceTree = "<group>";
		};
		9D42D82C17613B8800614738 /* InfoPlist.strings */ = {
			isa = PBXVariantGroup;
			children = (
				9D42D82D17613B8800614738 /* en */,
			);
			name = InfoPlist.strings;
			sourceTree = "<group>";
		};
/* End PBXVariantGroup section */

/* Begin XCBuildConfiguration section */
		9D42D83217613B8800614738 /* Debug */ = {
			isa = XCBuildConfiguration;
			buildSettings = {
				ALWAYS_SEARCH_USER_PATHS = NO;
				CLANG_CXX_LANGUAGE_STANDARD = "gnu++0x";
				CLANG_CXX_LIBRARY = "libc++";
				CLANG_ENABLE_OBJC_ARC = YES;
				CLANG_WARN_CONSTANT_CONVERSION = YES;
				CLANG_WARN_EMPTY_BODY = YES;
				CLANG_WARN_ENUM_CONVERSION = YES;
				CLANG_WARN_INT_CONVERSION = YES;
				CLANG_WARN__DUPLICATE_METHOD_MATCH = YES;
				"CODE_SIGN_IDENTITY[sdk=iphoneos*]" = "iPhone Developer";
				COPY_PHASE_STRIP = NO;
				GCC_C_LANGUAGE_STANDARD = gnu99;
				GCC_DYNAMIC_NO_PIC = NO;
				GCC_OPTIMIZATION_LEVEL = 0;
				GCC_PREPROCESSOR_DEFINITIONS = (
					"DEBUG=1",
					"$(inherited)",
				);
				GCC_SYMBOLS_PRIVATE_EXTERN = NO;
				GCC_WARN_ABOUT_RETURN_TYPE = YES;
				GCC_WARN_UNINITIALIZED_AUTOS = YES;
				GCC_WARN_UNUSED_VARIABLE = YES;
				IPHONEOS_DEPLOYMENT_TARGET = 6.1;
				ONLY_ACTIVE_ARCH = YES;
				SDKROOT = iphoneos;
				TARGETED_DEVICE_FAMILY = "1,2";
			};
			name = Debug;
		};
		9D42D83317613B8800614738 /* Release */ = {
			isa = XCBuildConfiguration;
			buildSettings = {
				ALWAYS_SEARCH_USER_PATHS = NO;
				CLANG_CXX_LANGUAGE_STANDARD = "gnu++0x";
				CLANG_CXX_LIBRARY = "libc++";
				CLANG_ENABLE_OBJC_ARC = YES;
				CLANG_WARN_CONSTANT_CONVERSION = YES;
				CLANG_WARN_EMPTY_BODY = YES;
				CLANG_WARN_ENUM_CONVERSION = YES;
				CLANG_WARN_INT_CONVERSION = YES;
				CLANG_WARN__DUPLICATE_METHOD_MATCH = YES;
				"CODE_SIGN_IDENTITY[sdk=iphoneos*]" = "iPhone Developer";
				COPY_PHASE_STRIP = YES;
				GCC_C_LANGUAGE_STANDARD = gnu99;
				GCC_WARN_ABOUT_RETURN_TYPE = YES;
				GCC_WARN_UNINITIALIZED_AUTOS = YES;
				GCC_WARN_UNUSED_VARIABLE = YES;
				IPHONEOS_DEPLOYMENT_TARGET = 6.1;
				OTHER_CFLAGS = "-DNS_BLOCK_ASSERTIONS=1";
				SDKROOT = iphoneos;
				TARGETED_DEVICE_FAMILY = "1,2";
				VALIDATE_PRODUCT = YES;
			};
			name = Release;
		};
		9D42D83517613B8800614738 /* Debug */ = {
			isa = XCBuildConfiguration;
			buildSettings = {
				CLANG_CXX_LANGUAGE_STANDARD = "compiler-default";
				CLANG_CXX_LIBRARY = "compiler-default";
				GCC_PRECOMPILE_PREFIX_HEADER = YES;
				GCC_PREFIX_HEADER = "Sketch/Sketch-Prefix.pch";
				HEADER_SEARCH_PATHS = "\"$(BUILT_PRODUCTS_DIR)/../../include\"";
				INFOPLIST_FILE = "Sketch/Sketch-Info.plist";
				IPHONEOS_DEPLOYMENT_TARGET = 6.0;
				LIBRARY_SEARCH_PATHS = (
					"$(inherited)",
					"\"$(SRCROOT)/../../../../../Library/Developer/Xcode/DerivedData/sketch-ammfzjovkvrsymelklqlmgngwiip/Build/Products/Debug-iphoneos\"",
				);
				PRODUCT_NAME = "$(TARGET_NAME)";
				TARGETED_DEVICE_FAMILY = "1,2";
				WRAPPER_EXTENSION = app;
			};
			name = Debug;
		};
		9D42D83617613B8800614738 /* Release */ = {
			isa = XCBuildConfiguration;
			buildSettings = {
				CLANG_CXX_LANGUAGE_STANDARD = "compiler-default";
				CLANG_CXX_LIBRARY = "compiler-default";
				GCC_PRECOMPILE_PREFIX_HEADER = YES;
				GCC_PREFIX_HEADER = "Sketch/Sketch-Prefix.pch";
				HEADER_SEARCH_PATHS = "\"$(BUILT_PRODUCTS_DIR)/../../include\"";
				INFOPLIST_FILE = "Sketch/Sketch-Info.plist";
				IPHONEOS_DEPLOYMENT_TARGET = 6.0;
				LIBRARY_SEARCH_PATHS = (
					"$(inherited)",
					"\"$(SRCROOT)/../../../../../Library/Developer/Xcode/DerivedData/sketch-ammfzjovkvrsymelklqlmgngwiip/Build/Products/Debug-iphoneos\"",
				);
				PRODUCT_NAME = "$(TARGET_NAME)";
				TARGETED_DEVICE_FAMILY = "1,2";
				WRAPPER_EXTENSION = app;
			};
			name = Release;
		};
		9D42D83817613B8800614738 /* Debug */ = {
			isa = XCBuildConfiguration;
			buildSettings = {
				BUNDLE_LOADER = "$(BUILT_PRODUCTS_DIR)/Sketch.app/Sketch";
				FRAMEWORK_SEARCH_PATHS = (
					"\"$(SDKROOT)/Developer/Library/Frameworks\"",
					"\"$(DEVELOPER_LIBRARY_DIR)/Frameworks\"",
				);
				GCC_PRECOMPILE_PREFIX_HEADER = YES;
				GCC_PREFIX_HEADER = "Sketch/Sketch-Prefix.pch";
				INFOPLIST_FILE = "SketchTests/SketchTests-Info.plist";
				PRODUCT_NAME = "$(TARGET_NAME)";
				TEST_HOST = "$(BUNDLE_LOADER)";
				WRAPPER_EXTENSION = octest;
			};
			name = Debug;
		};
		9D42D83917613B8800614738 /* Release */ = {
			isa = XCBuildConfiguration;
			buildSettings = {
				BUNDLE_LOADER = "$(BUILT_PRODUCTS_DIR)/Sketch.app/Sketch";
				FRAMEWORK_SEARCH_PATHS = (
					"\"$(SDKROOT)/Developer/Library/Frameworks\"",
					"\"$(DEVELOPER_LIBRARY_DIR)/Frameworks\"",
				);
				GCC_PRECOMPILE_PREFIX_HEADER = YES;
				GCC_PREFIX_HEADER = "Sketch/Sketch-Prefix.pch";
				INFOPLIST_FILE = "SketchTests/SketchTests-Info.plist";
				PRODUCT_NAME = "$(TARGET_NAME)";
				TEST_HOST = "$(BUNDLE_LOADER)";
				WRAPPER_EXTENSION = octest;
			};
			name = Release;
		};
/* End XCBuildConfiguration section */

/* Begin XCConfigurationList section */
		9D42D7F417613B8700614738 /* Build configuration list for PBXProject "Sketch" */ = {
			isa = XCConfigurationList;
			buildConfigurations = (
				9D42D83217613B8800614738 /* Debug */,
				9D42D83317613B8800614738 /* Release */,
			);
			defaultConfigurationIsVisible = 0;
			defaultConfigurationName = Release;
		};
		9D42D83417613B8800614738 /* Build configuration list for PBXNativeTarget "Sketch" */ = {
			isa = XCConfigurationList;
			buildConfigurations = (
				9D42D83517613B8800614738 /* Debug */,
				9D42D83617613B8800614738 /* Release */,
			);
			defaultConfigurationIsVisible = 0;
			defaultConfigurationName = Release;
		};
		9D42D83717613B8800614738 /* Build configuration list for PBXNativeTarget "SketchTests" */ = {
			isa = XCConfigurationList;
			buildConfigurations = (
				9D42D83817613B8800614738 /* Debug */,
				9D42D83917613B8800614738 /* Release */,
			);
			defaultConfigurationIsVisible = 0;
			defaultConfigurationName = Release;
		};
/* End XCConfigurationList section */
	};
	rootObject = 9D42D7F117613B8700614738 /* Project object */;
}
