// !$*UTF8*$!
{
	archiveVersion = 1;
	classes = {
	};
	objectVersion = 46;
	objects = {

/* Begin PBXBuildFile section */
		EC27601E16166C050037A387 /* UIKit.framework in Frameworks */ = {isa = PBXBuildFile; fileRef = EC27601D16166C050037A387 /* UIKit.framework */; };
		EC27602016166C050037A387 /* Foundation.framework in Frameworks */ = {isa = PBXBuildFile; fileRef = EC27601F16166C050037A387 /* Foundation.framework */; };
		EC27602216166C050037A387 /* CoreGraphics.framework in Frameworks */ = {isa = PBXBuildFile; fileRef = EC27602116166C050037A387 /* CoreGraphics.framework */; };
		EC27602816166C050037A387 /* InfoPlist.strings in Resources */ = {isa = PBXBuildFile; fileRef = EC27602616166C050037A387 /* InfoPlist.strings */; };
		EC27602A16166C050037A387 /* main.m in Sources */ = {isa = PBXBuildFile; fileRef = EC27602916166C050037A387 /* main.m */; };
		EC27602E16166C050037A387 /* AppDelegate.m in Sources */ = {isa = PBXBuildFile; fileRef = EC27602D16166C050037A387 /* AppDelegate.m */; };
/* End PBXBuildFile section */

/* Begin PBXFileReference section */
		EC27601916166C050037A387 /* llk.app */ = {isa = PBXFileReference; explicitFileType = wrapper.application; includeInIndex = 0; path = llk.app; sourceTree = BUILT_PRODUCTS_DIR; };
		EC27601D16166C050037A387 /* UIKit.framework */ = {isa = PBXFileReference; lastKnownFileType = wrapper.framework; name = UIKit.framework; path = System/Library/Frameworks/UIKit.framework; sourceTree = SDKROOT; };
		EC27601F16166C050037A387 /* Foundation.framework */ = {isa = PBXFileReference; lastKnownFileType = wrapper.framework; name = Foundation.framework; path = System/Library/Frameworks/Foundation.framework; sourceTree = SDKROOT; };
		EC27602116166C050037A387 /* CoreGraphics.framework */ = {isa = PBXFileReference; lastKnownFileType = wrapper.framework; name = CoreGraphics.framework; path = System/Library/Frameworks/CoreGraphics.framework; sourceTree = SDKROOT; };
		EC27602516166C050037A387 /* llk-Info.plist */ = {isa = PBXFileReference; path = "llk-Info.plist"; sourceTree = "<group>"; };
		EC27602716166C050037A387 /* en */ = {isa = PBXFileReference; lastKnownFileType = text.plist.strings; name = en; path = en.lproj/InfoPlist.strings; sourceTree = "<group>"; };
		EC27602916166C050037A387 /* main.m */ = {isa = PBXFileReference; lastKnownFileType = sourcecode.c.objc; path = main.m; sourceTree = "<group>"; };
		EC27602B16166C050037A387 /* llk-Prefix.pch */ = {isa = PBXFileReference; path = "llk-Prefix.pch"; sourceTree = "<group>"; };
		EC27602C16166C050037A387 /* AppDelegate.h */ = {isa = PBXFileReference; path = AppDelegate.h; sourceTree = "<group>"; };
		EC27602D16166C050037A387 /* AppDelegate.m */ = {isa = PBXFileReference; lastKnownFileType = sourcecode.c.objc; path = AppDelegate.m; sourceTree = "<group>"; };
/* End PBXFileReference section */

/* Begin PBXFrameworksBuildPhase section */
		EC27601616166C050037A387 /* Frameworks */ = {
			isa = PBXFrameworksBuildPhase;
			buildActionMask = 2147483647;
			files = (
				EC27601E16166C050037A387 /* UIKit.framework in Frameworks */,
				EC27602016166C050037A387 /* Foundation.framework in Frameworks */,
				EC27602216166C050037A387 /* CoreGraphics.framework in Frameworks */,
			);
			runOnlyForDeploymentPostprocessing = 0;
		};
/* End PBXFrameworksBuildPhase section */

/* Begin PBXGroup section */
		EC27600E16166C050037A387 = {
			isa = PBXGroup;
			children = (
				EC27602316166C050037A387 /* llk */,
				EC27601C16166C050037A387 /* Frameworks */,
				EC27601A16166C050037A387 /* Products */,
			);
			sourceTree = "<group>";
		};
		EC27601A16166C050037A387 /* Products */ = {
			isa = PBXGroup;
			children = (
				EC27601916166C050037A387 /* llk.app */,
			);
			name = Products;
			sourceTree = "<group>";
		};
		EC27601C16166C050037A387 /* Frameworks */ = {
			isa = PBXGroup;
			children = (
				EC27601D16166C050037A387 /* UIKit.framework */,
				EC27601F16166C050037A387 /* Foundation.framework */,
				EC27602116166C050037A387 /* CoreGraphics.framework */,
			);
			name = Frameworks;
			sourceTree = "<group>";
		};
		EC27602316166C050037A387 /* llk */ = {
			isa = PBXGroup;
			children = (
				EC27602C16166C050037A387 /* AppDelegate.h */,
				EC27602D16166C050037A387 /* AppDelegate.m */,
				EC27602416166C050037A387 /* Supporting Files */,
			);
			path = llk;
			sourceTree = "<group>";
		};
		EC27602416166C050037A387 /* Supporting Files */ = {
			isa = PBXGroup;
			children = (
				EC27602516166C050037A387 /* llk-Info.plist */,
				EC27602616166C050037A387 /* InfoPlist.strings */,
				EC27602916166C050037A387 /* main.m */,
				EC27602B16166C050037A387 /* llk-Prefix.pch */,
			);
			name = "Supporting Files";
			sourceTree = "<group>";
		};
/* End PBXGroup section */

/* Begin PBXNativeTarget section */
		EC27601816166C050037A387 /* llk */ = {
			isa = PBXNativeTarget;
			buildConfigurationList = EC27603116166C050037A387 /* Build configuration list for PBXNativeTarget "llk" */;
			buildPhases = (
				EC27601516166C050037A387 /* Sources */,
				EC27601616166C050037A387 /* Frameworks */,
				EC27601716166C050037A387 /* Resources */,
			);
			buildRules = (
			);
			dependencies = (
			);
			name = llk;
			productName = llk;
			productReference = EC27601916166C050037A387 /* llk.app */;
			productType = "com.apple.product-type.application";
		};
/* End PBXNativeTarget section */

/* Begin PBXProject section */
		EC27601016166C050037A387 /* Project object */ = {
			isa = PBXProject;
			attributes = {
				LastUpgradeCheck = 0430;
			};
			buildConfigurationList = EC27601316166C050037A387 /* Build configuration list for PBXProject "llk" */;
			compatibilityVersion = "Xcode 3.2";
			developmentRegion = English;
			hasScannedForEncodings = 0;
			knownRegions = (
				en,
			);
			mainGroup = EC27600E16166C050037A387;
			productRefGroup = EC27601A16166C050037A387 /* Products */;
			projectDirPath = "";
			projectRoot = "";
			targets = (
				EC27601816166C050037A387 /* llk */,
			);
		};
/* End PBXProject section */

/* Begin PBXResourcesBuildPhase section */
		EC27601716166C050037A387 /* Resources */ = {
			isa = PBXResourcesBuildPhase;
			buildActionMask = 2147483647;
			files = (
				EC27602816166C050037A387 /* InfoPlist.strings in Resources */,
			);
			runOnlyForDeploymentPostprocessing = 0;
		};
/* End PBXResourcesBuildPhase section */

/* Begin PBXSourcesBuildPhase section */
		EC27601516166C050037A387 /* Sources */ = {
			isa = PBXSourcesBuildPhase;
			buildActionMask = 2147483647;
			files = (
				EC27602A16166C050037A387 /* main.m in Sources */,
				EC27602E16166C050037A387 /* AppDelegate.m in Sources */,
			);
			runOnlyForDeploymentPostprocessing = 0;
		};
/* End PBXSourcesBuildPhase section */

/* Begin PBXVariantGroup section */
		EC27602616166C050037A387 /* InfoPlist.strings */ = {
			isa = PBXVariantGroup;
			children = (
				EC27602716166C050037A387 /* en */,
			);
			name = InfoPlist.strings;
			sourceTree = "<group>";
		};
/* End PBXVariantGroup section */

/* Begin XCBuildConfiguration section */
		EC27602F16166C050037A387 /* Debug */ = {
			isa = XCBuildConfiguration;
			buildSettings = {
				ALWAYS_SEARCH_USER_PATHS = NO;
				ARCHS = "$(ARCHS_STANDARD_32_BIT)";
				CLANG_ENABLE_OBJC_ARC = YES;
				"CODE_SIGN_IDENTITY[sdk=iphoneos*]" = "iPhone Developer";
				COPY_PHASE_STRIP = NO;
				GCC_C_LANGUAGE_STANDARD = gnu99;
				GCC_DYNAMIC_NO_PIC = NO;
				GCC_OPTIMIZATION_LEVEL = 0;
				GCC_PREPROCESSOR_DEFINITIONS = (
					"DEBUG=1",
					"$(inherited)",
				);
				GCC_SYMBOLS_PRIVATE_EXTERN = NO;
				GCC_VERSION = com.apple.compilers.llvm.clang.1_0;
				GCC_WARN_ABOUT_RETURN_TYPE = YES;
				GCC_WARN_UNINITIALIZED_AUTOS = YES;
				GCC_WARN_UNUSED_VARIABLE = YES;
				IPHONEOS_DEPLOYMENT_TARGET = 5.1;
				SDKROOT = iphoneos;
			};
			name = Debug;
		};
		EC27603016166C050037A387 /* Release */ = {
			isa = XCBuildConfiguration;
			buildSettings = {
				ALWAYS_SEARCH_USER_PATHS = NO;
				ARCHS = "$(ARCHS_STANDARD_32_BIT)";
				CLANG_ENABLE_OBJC_ARC = YES;
				"CODE_SIGN_IDENTITY[sdk=iphoneos*]" = "iPhone Developer";
				COPY_PHASE_STRIP = YES;
				GCC_C_LANGUAGE_STANDARD = gnu99;
				GCC_VERSION = com.apple.compilers.llvm.clang.1_0;
				GCC_WARN_ABOUT_RETURN_TYPE = YES;
				GCC_WARN_UNINITIALIZED_AUTOS = YES;
				GCC_WARN_UNUSED_VARIABLE = YES;
				IPHONEOS_DEPLOYMENT_TARGET = 5.1;
				OTHER_CFLAGS = "-DNS_BLOCK_ASSERTIONS=1";
				SDKROOT = iphoneos;
				VALIDATE_PRODUCT = YES;
			};
			name = Release;
		};
		EC27603216166C050037A387 /* Debug */ = {
			isa = XCBuildConfiguration;
			buildSettings = {
				GCC_PRECOMPILE_PREFIX_HEADER = YES;
				GCC_PREFIX_HEADER = "llk/llk-Prefix.pch";
				INFOPLIST_FILE = "llk/llk-Info.plist";
				PRODUCT_NAME = "$(TARGET_NAME)";
				WRAPPER_EXTENSION = app;
			};
			name = Debug;
		};
		EC27603316166C050037A387 /* Release */ = {
			isa = XCBuildConfiguration;
			buildSettings = {
				GCC_PRECOMPILE_PREFIX_HEADER = YES;
				GCC_PREFIX_HEADER = "llk/llk-Prefix.pch";
				INFOPLIST_FILE = "llk/llk-Info.plist";
				PRODUCT_NAME = "$(TARGET_NAME)";
				WRAPPER_EXTENSION = app;
			};
			name = Release;
		};
/* End XCBuildConfiguration section */

/* Begin XCConfigurationList section */
		EC27601316166C050037A387 /* Build configuration list for PBXProject "llk" */ = {
			isa = XCConfigurationList;
			buildConfigurations = (
				EC27602F16166C050037A387 /* Debug */,
				EC27603016166C050037A387 /* Release */,
			);
			defaultConfigurationIsVisible = 0;
			defaultConfigurationName = Release;
		};
		EC27603116166C050037A387 /* Build configuration list for PBXNativeTarget "llk" */ = {
			isa = XCConfigurationList;
			buildConfigurations = (
				EC27603216166C050037A387 /* Debug */,
				EC27603316166C050037A387 /* Release */,
			);
			defaultConfigurationIsVisible = 0;
		};
/* End XCConfigurationList section */
	};
	rootObject = EC27601016166C050037A387 /* Project object */;
}
