// !$*UTF8*$!
{
	archiveVersion = 1;
	classes = {
	};
	objectVersion = 45;
	objects = {

/* Begin PBXAggregateTarget section */
		EC8D44131385E0200096575B /* gTarAudioControllerBuildAll */ = {
			isa = PBXAggregateTarget;
			buildConfigurationList = EC8D44161385E0200096575B /* Build configuration list for PBXAggregateTarget "gTarAudioControllerBuildAll" */;
			buildPhases = (
				EC8D44171385E0280096575B /* ShellScript */,
			);
			dependencies = (
				EC8D441E1385E4700096575B /* PBXTargetDependency */,
			);
			name = gTarAudioControllerBuildAll;
			productName = gTarAudioControllerBuildAll;
		};
		EC8D44181385E05B0096575B /* gTarAudioControllerDeploy */ = {
			isa = PBXAggregateTarget;
			buildConfigurationList = EC8D44191385E05B0096575B /* Build configuration list for PBXAggregateTarget "gTarAudioControllerDeploy" */;
			buildPhases = (
				EC8D441C1385E0600096575B /* ShellScript */,
			);
			dependencies = (
				EC8D44201385E4780096575B /* PBXTargetDependency */,
			);
			name = gTarAudioControllerDeploy;
			productName = gTarAudioControllerDeploy;
		};
		EC8D468713860DD00096575B /* gTarAudioControllerDeployHeaders */ = {
			isa = PBXAggregateTarget;
			buildConfigurationList = EC8D468813860DD00096575B /* Build configuration list for PBXAggregateTarget "gTarAudioControllerDeployHeaders" */;
			buildPhases = (
				EC8D468D13860E050096575B /* CopyFiles */,
				EC8D468E13860E090096575B /* CopyFiles */,
			);
			dependencies = (
				EC8D468C13860DE20096575B /* PBXTargetDependency */,
			);
			name = gTarAudioControllerDeployHeaders;
			productName = gTarAudioControllerDeployHeaders;
		};
/* End PBXAggregateTarget section */

/* Begin PBXBuildFile section */
		9D04382014BCDE9300526584 /* Sampler.h in Headers */ = {isa = PBXBuildFile; fileRef = 9D04381E14BCDE9300526584 /* Sampler.h */; };
		9D04382114BCDE9300526584 /* Sampler.mm in Sources */ = {isa = PBXBuildFile; fileRef = 9D04381F14BCDE9300526584 /* Sampler.mm */; };
		9D08146614CF499200E33F85 /* Distortion.h in Headers */ = {isa = PBXBuildFile; fileRef = 9D08146514CF499200E33F85 /* Distortion.h */; };
		9D2F3F2614B52C2100812ACE /* AudioController.mm in Sources */ = {isa = PBXBuildFile; fileRef = 9D2F3F2514B52C2100812ACE /* AudioController.mm */; };
		9D64A16314C4B02500E72082 /* EnvelopeFollower.h in Headers */ = {isa = PBXBuildFile; fileRef = 9D64A16214C4B02500E72082 /* EnvelopeFollower.h */; };
		9D64A16A14C4B3D800E72082 /* Compressor.h in Headers */ = {isa = PBXBuildFile; fileRef = 9D64A16914C4B3D800E72082 /* Compressor.h */; };
		9D73C727147DDC9300F8CB1C /* Parameter.h in Headers */ = {isa = PBXBuildFile; fileRef = 9D73C726147DDC9300F8CB1C /* Parameter.h */; };
		9D833A2414841CEE00C5DBF3 /* Parameter.h in CopyFiles */ = {isa = PBXBuildFile; fileRef = 9D73C726147DDC9300F8CB1C /* Parameter.h */; };
		9D833A2614841CFB00C5DBF3 /* Parameter.h in CopyFiles */ = {isa = PBXBuildFile; fileRef = 9D73C726147DDC9300F8CB1C /* Parameter.h */; };
		9DD91954148FFE3900BE8751 /* Effect.h in Headers */ = {isa = PBXBuildFile; fileRef = 9DD91953148FFE3900BE8751 /* Effect.h */; };
		9DD919561490032700BE8751 /* TanhDistortion.h in Headers */ = {isa = PBXBuildFile; fileRef = 9DD919551490032700BE8751 /* TanhDistortion.h */; };
		9DD91958149003CB00BE8751 /* Overdrive.h in Headers */ = {isa = PBXBuildFile; fileRef = 9DD91957149003CB00BE8751 /* Overdrive.h */; };
		9DD9195A1490071400BE8751 /* LocalMax.h in Headers */ = {isa = PBXBuildFile; fileRef = 9DD919591490071400BE8751 /* LocalMax.h */; };
		9DD9195C1490075B00BE8751 /* HardCutoffDistortion.h in Headers */ = {isa = PBXBuildFile; fileRef = 9DD9195B1490075B00BE8751 /* HardCutoffDistortion.h */; };
		9DD9195E149007DA00BE8751 /* SoftClippingOverdrive.h in Headers */ = {isa = PBXBuildFile; fileRef = 9DD9195D149007DA00BE8751 /* SoftClippingOverdrive.h */; };
		9DD919601490083400BE8751 /* FuzzExpDistortion.h in Headers */ = {isa = PBXBuildFile; fileRef = 9DD9195F1490083400BE8751 /* FuzzExpDistortion.h */; };
		9DD91962149032C700BE8751 /* DelayEffect.h in Headers */ = {isa = PBXBuildFile; fileRef = 9DD91961149032C700BE8751 /* DelayEffect.h */; };
		9DD919641490377B00BE8751 /* DiffusionTank.h in Headers */ = {isa = PBXBuildFile; fileRef = 9DD919631490377B00BE8751 /* DiffusionTank.h */; };
		9DD91966149037E400BE8751 /* Reverb.h in Headers */ = {isa = PBXBuildFile; fileRef = 9DD91965149037E300BE8751 /* Reverb.h */; };
		9DD919681490386900BE8751 /* FirstOrderFilter.h in Headers */ = {isa = PBXBuildFile; fileRef = 9DD919671490386900BE8751 /* FirstOrderFilter.h */; };
		9DD9196A14903E4100BE8751 /* ChorusEffect.h in Headers */ = {isa = PBXBuildFile; fileRef = 9DD9196914903E4100BE8751 /* ChorusEffect.h */; };
		9DD9196C14904AAF00BE8751 /* ButterWorthFilterElement.h in Headers */ = {isa = PBXBuildFile; fileRef = 9DD9196B14904AAE00BE8751 /* ButterWorthFilterElement.h */; };
		9DD9196E14904AD900BE8751 /* ButterWorthFilter.h in Headers */ = {isa = PBXBuildFile; fileRef = 9DD9196D14904AD900BE8751 /* ButterWorthFilter.h */; };
		9DD9197014904B3000BE8751 /* KSObject.h in Headers */ = {isa = PBXBuildFile; fileRef = 9DD9196F14904B3000BE8751 /* KSObject.h */; };
		9DD9198A149160B400BE8751 /* Effect.h in CopyFiles */ = {isa = PBXBuildFile; fileRef = 9DD91953148FFE3900BE8751 /* Effect.h */; };
		9DD9198C149160B800BE8751 /* Effect.h in CopyFiles */ = {isa = PBXBuildFile; fileRef = 9DD91953148FFE3900BE8751 /* Effect.h */; };
		AA747D9F0F9514B9006C5449 /* gTarAudioController_Prefix.pch in Headers */ = {isa = PBXBuildFile; fileRef = AA747D9E0F9514B9006C5449 /* gTarAudioController_Prefix.pch */; };
		AACBBE4A0F95108600F1A2B1 /* Foundation.framework in Frameworks */ = {isa = PBXBuildFile; fileRef = AACBBE490F95108600F1A2B1 /* Foundation.framework */; };
		EC87EC2B13262DC7007DAEC9 /* AudioController.h in Headers */ = {isa = PBXBuildFile; fileRef = EC87EC2913262DC6007DAEC9 /* AudioController.h */; };
		EC87EC3F13262E26007DAEC9 /* AudioToolbox.framework in Frameworks */ = {isa = PBXBuildFile; fileRef = EC87EC3E13262E26007DAEC9 /* AudioToolbox.framework */; };
		EC87EC4813262E8C007DAEC9 /* CAStreamBasicDescription.cpp in Sources */ = {isa = PBXBuildFile; fileRef = EC87EC4313262E8C007DAEC9 /* CAStreamBasicDescription.cpp */; };
		EC87EC4913262E8C007DAEC9 /* CAStreamBasicDescription.h in Headers */ = {isa = PBXBuildFile; fileRef = EC87EC4413262E8C007DAEC9 /* CAStreamBasicDescription.h */; };
		EC87EC4A13262E8C007DAEC9 /* CADebugMacros.h in Headers */ = {isa = PBXBuildFile; fileRef = EC87EC4513262E8C007DAEC9 /* CADebugMacros.h */; };
		EC87EC4B13262E8C007DAEC9 /* CAMath.h in Headers */ = {isa = PBXBuildFile; fileRef = EC87EC4613262E8C007DAEC9 /* CAMath.h */; };
		EC87EC4C13262E8C007DAEC9 /* CAXException.h in Headers */ = {isa = PBXBuildFile; fileRef = EC87EC4713262E8C007DAEC9 /* CAXException.h */; };
		EC8D468F13860E230096575B /* AudioController.h in CopyFiles */ = {isa = PBXBuildFile; fileRef = EC87EC2913262DC6007DAEC9 /* AudioController.h */; };
		EC8D469213860E2A0096575B /* AudioController.h in CopyFiles */ = {isa = PBXBuildFile; fileRef = EC87EC2913262DC6007DAEC9 /* AudioController.h */; };
/* End PBXBuildFile section */

/* Begin PBXContainerItemProxy section */
		EC8D441D1385E4700096575B /* PBXContainerItemProxy */ = {
			isa = PBXContainerItemProxy;
			containerPortal = 0867D690FE84028FC02AAC07 /* Project object */;
			proxyType = 1;
			remoteGlobalIDString = D2AAC07D0554694100DB518D;
			remoteInfo = gTarAudioController;
		};
		EC8D441F1385E4780096575B /* PBXContainerItemProxy */ = {
			isa = PBXContainerItemProxy;
			containerPortal = 0867D690FE84028FC02AAC07 /* Project object */;
			proxyType = 1;
			remoteGlobalIDString = EC8D44131385E0200096575B;
			remoteInfo = gTarAudioControllerBuildAll;
		};
		EC8D468B13860DE20096575B /* PBXContainerItemProxy */ = {
			isa = PBXContainerItemProxy;
			containerPortal = 0867D690FE84028FC02AAC07 /* Project object */;
			proxyType = 1;
			remoteGlobalIDString = EC8D44181385E05B0096575B;
			remoteInfo = gTarAudioControllerDeploy;
		};
/* End PBXContainerItemProxy section */

/* Begin PBXCopyFilesBuildPhase section */
		EC8D468D13860E050096575B /* CopyFiles */ = {
			isa = PBXCopyFilesBuildPhase;
			buildActionMask = 2147483647;
			dstPath = "${DEPLOY_PATH}/Release/${PROJECT_NAME}/Headers";
			dstSubfolderSpec = 0;
			files = (
				9DD9198A149160B400BE8751 /* Effect.h in CopyFiles */,
				9D833A2414841CEE00C5DBF3 /* Parameter.h in CopyFiles */,
				EC8D468F13860E230096575B /* AudioController.h in CopyFiles */,
			);
			runOnlyForDeploymentPostprocessing = 0;
		};
		EC8D468E13860E090096575B /* CopyFiles */ = {
			isa = PBXCopyFilesBuildPhase;
			buildActionMask = 2147483647;
			dstPath = "${DEPLOY_PATH}/Debug/${PROJECT_NAME}/Headers";
			dstSubfolderSpec = 0;
			files = (
				9DD9198C149160B800BE8751 /* Effect.h in CopyFiles */,
				9D833A2614841CFB00C5DBF3 /* Parameter.h in CopyFiles */,
				EC8D469213860E2A0096575B /* AudioController.h in CopyFiles */,
			);
			runOnlyForDeploymentPostprocessing = 0;
		};
/* End PBXCopyFilesBuildPhase section */

/* Begin PBXFileReference section */
		9D04381E14BCDE9300526584 /* Sampler.h */ = {isa = PBXFileReference; fileEncoding = 4; lastKnownFileType = sourcecode.c.h; path = Sampler.h; sourceTree = "<group>"; };
		9D04381F14BCDE9300526584 /* Sampler.mm */ = {isa = PBXFileReference; fileEncoding = 4; lastKnownFileType = sourcecode.cpp.objcpp; path = Sampler.mm; sourceTree = "<group>"; };
		9D08146514CF499200E33F85 /* Distortion.h */ = {isa = PBXFileReference; fileEncoding = 4; lastKnownFileType = sourcecode.c.h; path = Distortion.h; sourceTree = "<group>"; };
		9D2F3F2514B52C2100812ACE /* AudioController.mm */ = {isa = PBXFileReference; fileEncoding = 4; lastKnownFileType = sourcecode.cpp.objcpp; path = AudioController.mm; sourceTree = "<group>"; };
		9D64A16214C4B02500E72082 /* EnvelopeFollower.h */ = {isa = PBXFileReference; fileEncoding = 4; lastKnownFileType = sourcecode.c.h; path = EnvelopeFollower.h; sourceTree = "<group>"; };
		9D64A16914C4B3D800E72082 /* Compressor.h */ = {isa = PBXFileReference; fileEncoding = 4; lastKnownFileType = sourcecode.c.h; path = Compressor.h; sourceTree = "<group>"; };
		9D69045414B78FC100764572 /* constants_iZCoreFX.h */ = {isa = PBXFileReference; fileEncoding = 4; lastKnownFileType = sourcecode.c.h; name = constants_iZCoreFX.h; path = iZotope/constants_iZCoreFX.h; sourceTree = "<group>"; };
		9D69045514B78FC100764572 /* constants_iZTrashFX.h */ = {isa = PBXFileReference; fileEncoding = 4; lastKnownFileType = sourcecode.c.h; name = constants_iZTrashFX.h; path = iZotope/constants_iZTrashFX.h; sourceTree = "<group>"; };
		9D69045614B78FC100764572 /* iZAudioConstants.h */ = {isa = PBXFileReference; fileEncoding = 4; lastKnownFileType = sourcecode.c.h; name = iZAudioConstants.h; path = iZotope/iZAudioConstants.h; sourceTree = "<group>"; };
		9D69045714B78FC100764572 /* iZCoreFX.h */ = {isa = PBXFileReference; fileEncoding = 4; lastKnownFileType = sourcecode.c.h; name = iZCoreFX.h; path = iZotope/iZCoreFX.h; sourceTree = "<group>"; };
		9D69045814B78FC100764572 /* iZTrashFX.h */ = {isa = PBXFileReference; fileEncoding = 4; lastKnownFileType = sourcecode.c.h; name = iZTrashFX.h; path = iZotope/iZTrashFX.h; sourceTree = "<group>"; };
		9D69045914B78FC100764572 /* libCoreFX.a */ = {isa = PBXFileReference; lastKnownFileType = archive.ar; name = libCoreFX.a; path = iZotope/libCoreFX.a; sourceTree = "<group>"; };
		9D69045A14B78FC100764572 /* libCoreFXSim.a */ = {isa = PBXFileReference; lastKnownFileType = archive.ar; name = libCoreFXSim.a; path = iZotope/libCoreFXSim.a; sourceTree = "<group>"; };
		9D69045B14B78FC100764572 /* libTrashFX.a */ = {isa = PBXFileReference; lastKnownFileType = archive.ar; name = libTrashFX.a; path = iZotope/libTrashFX.a; sourceTree = "<group>"; };
		9D69045C14B78FC100764572 /* libTrashFXSim.a */ = {isa = PBXFileReference; lastKnownFileType = archive.ar; name = libTrashFXSim.a; path = iZotope/libTrashFXSim.a; sourceTree = "<group>"; };
		9D73C726147DDC9300F8CB1C /* Parameter.h */ = {isa = PBXFileReference; fileEncoding = 4; lastKnownFileType = sourcecode.c.h; path = Parameter.h; sourceTree = "<group>"; };
		9DD91953148FFE3900BE8751 /* Effect.h */ = {isa = PBXFileReference; fileEncoding = 4; lastKnownFileType = sourcecode.c.h; path = Effect.h; sourceTree = "<group>"; };
		9DD919551490032700BE8751 /* TanhDistortion.h */ = {isa = PBXFileReference; fileEncoding = 4; lastKnownFileType = sourcecode.c.h; path = TanhDistortion.h; sourceTree = "<group>"; };
		9DD91957149003CB00BE8751 /* Overdrive.h */ = {isa = PBXFileReference; fileEncoding = 4; lastKnownFileType = sourcecode.c.h; path = Overdrive.h; sourceTree = "<group>"; };
		9DD919591490071400BE8751 /* LocalMax.h */ = {isa = PBXFileReference; fileEncoding = 4; lastKnownFileType = sourcecode.c.h; path = LocalMax.h; sourceTree = "<group>"; };
		9DD9195B1490075B00BE8751 /* HardCutoffDistortion.h */ = {isa = PBXFileReference; fileEncoding = 4; lastKnownFileType = sourcecode.c.h; path = HardCutoffDistortion.h; sourceTree = "<group>"; };
		9DD9195D149007DA00BE8751 /* SoftClippingOverdrive.h */ = {isa = PBXFileReference; fileEncoding = 4; lastKnownFileType = sourcecode.c.h; path = SoftClippingOverdrive.h; sourceTree = "<group>"; };
		9DD9195F1490083400BE8751 /* FuzzExpDistortion.h */ = {isa = PBXFileReference; fileEncoding = 4; lastKnownFileType = sourcecode.c.h; path = FuzzExpDistortion.h; sourceTree = "<group>"; };
		9DD91961149032C700BE8751 /* DelayEffect.h */ = {isa = PBXFileReference; fileEncoding = 4; lastKnownFileType = sourcecode.c.h; path = DelayEffect.h; sourceTree = "<group>"; };
		9DD919631490377B00BE8751 /* DiffusionTank.h */ = {isa = PBXFileReference; fileEncoding = 4; lastKnownFileType = sourcecode.c.h; path = DiffusionTank.h; sourceTree = "<group>"; };
		9DD91965149037E300BE8751 /* Reverb.h */ = {isa = PBXFileReference; fileEncoding = 4; lastKnownFileType = sourcecode.c.h; path = Reverb.h; sourceTree = "<group>"; };
		9DD919671490386900BE8751 /* FirstOrderFilter.h */ = {isa = PBXFileReference; fileEncoding = 4; lastKnownFileType = sourcecode.c.h; path = FirstOrderFilter.h; sourceTree = "<group>"; };
		9DD9196914903E4100BE8751 /* ChorusEffect.h */ = {isa = PBXFileReference; fileEncoding = 4; lastKnownFileType = sourcecode.c.h; path = ChorusEffect.h; sourceTree = "<group>"; };
		9DD9196B14904AAE00BE8751 /* ButterWorthFilterElement.h */ = {isa = PBXFileReference; fileEncoding = 4; lastKnownFileType = sourcecode.c.h; path = ButterWorthFilterElement.h; sourceTree = "<group>"; };
		9DD9196D14904AD900BE8751 /* ButterWorthFilter.h */ = {isa = PBXFileReference; fileEncoding = 4; lastKnownFileType = sourcecode.c.h; path = ButterWorthFilter.h; sourceTree = "<group>"; };
		9DD9196F14904B3000BE8751 /* KSObject.h */ = {isa = PBXFileReference; fileEncoding = 4; lastKnownFileType = sourcecode.c.h; path = KSObject.h; sourceTree = "<group>"; };
		AA747D9E0F9514B9006C5449 /* gTarAudioController_Prefix.pch */ = {isa = PBXFileReference; fileEncoding = 4; lastKnownFileType = sourcecode.c.h; path = gTarAudioController_Prefix.pch; sourceTree = SOURCE_ROOT; };
		AACBBE490F95108600F1A2B1 /* Foundation.framework */ = {isa = PBXFileReference; lastKnownFileType = wrapper.framework; name = Foundation.framework; path = System/Library/Frameworks/Foundation.framework; sourceTree = SDKROOT; };
		D2AAC07E0554694100DB518D /* libgTarAudioController.a */ = {isa = PBXFileReference; explicitFileType = archive.ar; includeInIndex = 0; path = libgTarAudioController.a; sourceTree = BUILT_PRODUCTS_DIR; };
		EC87EC2913262DC6007DAEC9 /* AudioController.h */ = {isa = PBXFileReference; fileEncoding = 4; lastKnownFileType = sourcecode.c.h; lineEnding = 0; path = AudioController.h; sourceTree = "<group>"; };
		EC87EC3E13262E26007DAEC9 /* AudioToolbox.framework */ = {isa = PBXFileReference; lastKnownFileType = wrapper.framework; name = AudioToolbox.framework; path = System/Library/Frameworks/AudioToolbox.framework; sourceTree = SDKROOT; };
		EC87EC4313262E8C007DAEC9 /* CAStreamBasicDescription.cpp */ = {isa = PBXFileReference; fileEncoding = 4; lastKnownFileType = sourcecode.cpp.cpp; path = CAStreamBasicDescription.cpp; sourceTree = "<group>"; };
		EC87EC4413262E8C007DAEC9 /* CAStreamBasicDescription.h */ = {isa = PBXFileReference; fileEncoding = 4; lastKnownFileType = sourcecode.c.h; path = CAStreamBasicDescription.h; sourceTree = "<group>"; };
		EC87EC4513262E8C007DAEC9 /* CADebugMacros.h */ = {isa = PBXFileReference; fileEncoding = 4; lastKnownFileType = sourcecode.c.h; path = CADebugMacros.h; sourceTree = "<group>"; };
		EC87EC4613262E8C007DAEC9 /* CAMath.h */ = {isa = PBXFileReference; fileEncoding = 4; lastKnownFileType = sourcecode.c.h; path = CAMath.h; sourceTree = "<group>"; };
		EC87EC4713262E8C007DAEC9 /* CAXException.h */ = {isa = PBXFileReference; fileEncoding = 4; lastKnownFileType = sourcecode.c.h; path = CAXException.h; sourceTree = "<group>"; };
/* End PBXFileReference section */

/* Begin PBXFrameworksBuildPhase section */
		D2AAC07C0554694100DB518D /* Frameworks */ = {
			isa = PBXFrameworksBuildPhase;
			buildActionMask = 2147483647;
			files = (
				AACBBE4A0F95108600F1A2B1 /* Foundation.framework in Frameworks */,
				EC87EC3F13262E26007DAEC9 /* AudioToolbox.framework in Frameworks */,
			);
			runOnlyForDeploymentPostprocessing = 0;
		};
/* End PBXFrameworksBuildPhase section */

/* Begin PBXGroup section */
		034768DFFF38A50411DB9C8B /* Products */ = {
			isa = PBXGroup;
			children = (
				D2AAC07E0554694100DB518D /* libgTarAudioController.a */,
			);
			name = Products;
			sourceTree = "<group>";
		};
		0867D691FE84028FC02AAC07 /* gTarAudioController */ = {
			isa = PBXGroup;
			children = (
				9D4FCC6314B78AD700A7A20D /* libs */,
				08FB77AEFE84172EC02AAC07 /* Classes */,
				32C88DFF0371C24200C91783 /* Other Sources */,
				EC87EC4213262E8C007DAEC9 /* iPublicUtilty */,
				0867D69AFE84028FC02AAC07 /* Frameworks */,
				034768DFFF38A50411DB9C8B /* Products */,
			);
			name = gTarAudioController;
			sourceTree = "<group>";
		};
		0867D69AFE84028FC02AAC07 /* Frameworks */ = {
			isa = PBXGroup;
			children = (
				AACBBE490F95108600F1A2B1 /* Foundation.framework */,
				EC87EC3E13262E26007DAEC9 /* AudioToolbox.framework */,
			);
			name = Frameworks;
			sourceTree = "<group>";
		};
		08FB77AEFE84172EC02AAC07 /* Classes */ = {
			isa = PBXGroup;
			children = (
				9D73C722147DD82400F8CB1C /* Effects */,
				EC87EC2913262DC6007DAEC9 /* AudioController.h */,
				9D2F3F2514B52C2100812ACE /* AudioController.mm */,
				9D04381E14BCDE9300526584 /* Sampler.h */,
				9D04381F14BCDE9300526584 /* Sampler.mm */,
			);
			name = Classes;
			sourceTree = "<group>";
		};
		32C88DFF0371C24200C91783 /* Other Sources */ = {
			isa = PBXGroup;
			children = (
				AA747D9E0F9514B9006C5449 /* gTarAudioController_Prefix.pch */,
			);
			name = "Other Sources";
			sourceTree = "<group>";
		};
		9D4FCC6314B78AD700A7A20D /* libs */ = {
			isa = PBXGroup;
			children = (
				9D69045414B78FC100764572 /* constants_iZCoreFX.h */,
				9D69045514B78FC100764572 /* constants_iZTrashFX.h */,
				9D69045614B78FC100764572 /* iZAudioConstants.h */,
				9D69045714B78FC100764572 /* iZCoreFX.h */,
				9D69045814B78FC100764572 /* iZTrashFX.h */,
				9D69045914B78FC100764572 /* libCoreFX.a */,
				9D69045A14B78FC100764572 /* libCoreFXSim.a */,
				9D69045B14B78FC100764572 /* libTrashFX.a */,
				9D69045C14B78FC100764572 /* libTrashFXSim.a */,
			);
			name = libs;
			sourceTree = "<group>";
		};
		9D73C722147DD82400F8CB1C /* Effects */ = {
			isa = PBXGroup;
			children = (
				9DD9196D14904AD900BE8751 /* ButterWorthFilter.h */,
				9DD9196B14904AAE00BE8751 /* ButterWorthFilterElement.h */,
				9DD9196914903E4100BE8751 /* ChorusEffect.h */,
				9DD91961149032C700BE8751 /* DelayEffect.h */,
				9DD919631490377B00BE8751 /* DiffusionTank.h */,
				9DD91953148FFE3900BE8751 /* Effect.h */,
				9DD919671490386900BE8751 /* FirstOrderFilter.h */,
				9DD9195F1490083400BE8751 /* FuzzExpDistortion.h */,
				9DD9195B1490075B00BE8751 /* HardCutoffDistortion.h */,
				9DD9196F14904B3000BE8751 /* KSObject.h */,
				9DD919591490071400BE8751 /* LocalMax.h */,
				9DD91957149003CB00BE8751 /* Overdrive.h */,
				9D73C726147DDC9300F8CB1C /* Parameter.h */,
				9DD91965149037E300BE8751 /* Reverb.h */,
				9DD9195D149007DA00BE8751 /* SoftClippingOverdrive.h */,
				9DD919551490032700BE8751 /* TanhDistortion.h */,
				9D64A16214C4B02500E72082 /* EnvelopeFollower.h */,
				9D64A16914C4B3D800E72082 /* Compressor.h */,
				9D08146514CF499200E33F85 /* Distortion.h */,
			);
			name = Effects;
			sourceTree = "<group>";
		};
		EC87EC4213262E8C007DAEC9 /* iPublicUtilty */ = {
			isa = PBXGroup;
			children = (
				EC87EC4313262E8C007DAEC9 /* CAStreamBasicDescription.cpp */,
				EC87EC4413262E8C007DAEC9 /* CAStreamBasicDescription.h */,
				EC87EC4513262E8C007DAEC9 /* CADebugMacros.h */,
				EC87EC4613262E8C007DAEC9 /* CAMath.h */,
				EC87EC4713262E8C007DAEC9 /* CAXException.h */,
			);
			name = iPublicUtilty;
			sourceTree = "<group>";
		};
/* End PBXGroup section */

/* Begin PBXHeadersBuildPhase section */
		D2AAC07A0554694100DB518D /* Headers */ = {
			isa = PBXHeadersBuildPhase;
			buildActionMask = 2147483647;
			files = (
				AA747D9F0F9514B9006C5449 /* gTarAudioController_Prefix.pch in Headers */,
				EC87EC2B13262DC7007DAEC9 /* AudioController.h in Headers */,
				EC87EC4913262E8C007DAEC9 /* CAStreamBasicDescription.h in Headers */,
				EC87EC4A13262E8C007DAEC9 /* CADebugMacros.h in Headers */,
				EC87EC4B13262E8C007DAEC9 /* CAMath.h in Headers */,
				EC87EC4C13262E8C007DAEC9 /* CAXException.h in Headers */,
				9D73C727147DDC9300F8CB1C /* Parameter.h in Headers */,
				9DD91954148FFE3900BE8751 /* Effect.h in Headers */,
				9DD919561490032700BE8751 /* TanhDistortion.h in Headers */,
				9DD91958149003CB00BE8751 /* Overdrive.h in Headers */,
				9DD9195A1490071400BE8751 /* LocalMax.h in Headers */,
				9DD9195C1490075B00BE8751 /* HardCutoffDistortion.h in Headers */,
				9DD9195E149007DA00BE8751 /* SoftClippingOverdrive.h in Headers */,
				9DD919601490083400BE8751 /* FuzzExpDistortion.h in Headers */,
				9DD91962149032C700BE8751 /* DelayEffect.h in Headers */,
				9DD919641490377B00BE8751 /* DiffusionTank.h in Headers */,
				9DD91966149037E400BE8751 /* Reverb.h in Headers */,
				9DD919681490386900BE8751 /* FirstOrderFilter.h in Headers */,
				9DD9196A14903E4100BE8751 /* ChorusEffect.h in Headers */,
				9DD9196C14904AAF00BE8751 /* ButterWorthFilterElement.h in Headers */,
				9DD9196E14904AD900BE8751 /* ButterWorthFilter.h in Headers */,
				9DD9197014904B3000BE8751 /* KSObject.h in Headers */,
				9D04382014BCDE9300526584 /* Sampler.h in Headers */,
				9D64A16314C4B02500E72082 /* EnvelopeFollower.h in Headers */,
				9D64A16A14C4B3D800E72082 /* Compressor.h in Headers */,
				9D08146614CF499200E33F85 /* Distortion.h in Headers */,
			);
			runOnlyForDeploymentPostprocessing = 0;
		};
/* End PBXHeadersBuildPhase section */

/* Begin PBXNativeTarget section */
		D2AAC07D0554694100DB518D /* gTarAudioController */ = {
			isa = PBXNativeTarget;
			buildConfigurationList = 1DEB921E08733DC00010E9CD /* Build configuration list for PBXNativeTarget "gTarAudioController" */;
			buildPhases = (
				D2AAC07A0554694100DB518D /* Headers */,
				D2AAC07B0554694100DB518D /* Sources */,
				D2AAC07C0554694100DB518D /* Frameworks */,
			);
			buildRules = (
			);
			dependencies = (
			);
			name = gTarAudioController;
			productName = gTarAudioController;
			productReference = D2AAC07E0554694100DB518D /* libgTarAudioController.a */;
			productType = "com.apple.product-type.library.static";
		};
/* End PBXNativeTarget section */

/* Begin PBXProject section */
		0867D690FE84028FC02AAC07 /* Project object */ = {
			isa = PBXProject;
			attributes = {
				ORGANIZATIONNAME = "Incident Technologies";
			};
			buildConfigurationList = 1DEB922208733DC00010E9CD /* Build configuration list for PBXProject "gTarAudioController" */;
			compatibilityVersion = "Xcode 3.1";
			developmentRegion = English;
			hasScannedForEncodings = 1;
			knownRegions = (
				English,
				Japanese,
				French,
				German,
			);
			mainGroup = 0867D691FE84028FC02AAC07 /* gTarAudioController */;
			productRefGroup = 034768DFFF38A50411DB9C8B /* Products */;
			projectDirPath = "";
			projectRoot = "";
			targets = (
				D2AAC07D0554694100DB518D /* gTarAudioController */,
				EC8D44131385E0200096575B /* gTarAudioControllerBuildAll */,
				EC8D44181385E05B0096575B /* gTarAudioControllerDeploy */,
				EC8D468713860DD00096575B /* gTarAudioControllerDeployHeaders */,
			);
		};
/* End PBXProject section */

/* Begin PBXShellScriptBuildPhase section */
		EC8D44171385E0280096575B /* ShellScript */ = {
			isa = PBXShellScriptBuildPhase;
			buildActionMask = 2147483647;
			files = (
			);
			inputPaths = (
			);
			outputPaths = (
			);
			runOnlyForDeploymentPostprocessing = 0;
			shellPath = /bin/sh;
			shellScript = "\nxcodebuild -configuration Debug -target ${PROJECT_NAME} -sdk iphoneos SYMROOT=${SYMROOT}\nxcodebuild -configuration Release -target ${PROJECT_NAME} -sdk iphoneos SYMROOT=${SYMROOT}\nxcodebuild -configuration Debug -target ${PROJECT_NAME} -sdk iphonesimulator SYMROOT=${SYMROOT}\nxcodebuild -configuration Release -target ${PROJECT_NAME} -sdk iphonesimulator SYMROOT=${SYMROOT}\n\n";
		};
		EC8D441C1385E0600096575B /* ShellScript */ = {
			isa = PBXShellScriptBuildPhase;
			buildActionMask = 2147483647;
			files = (
			);
			inputPaths = (
			);
			outputPaths = (
			);
			runOnlyForDeploymentPostprocessing = 0;
			shellPath = /bin/sh;
			shellScript = "for DEPLOY_CONFIG_NAME in Debug Release \ndo\n\n    DEPLOY_DESTINATION=\"${DEPLOY_PATH}/${DEPLOY_CONFIG_NAME}/${PROJECT_NAME}\"\n\n    rm -rf \"${DEPLOY_DESTINATION}\"\n\n    mkdir \"${DEPLOY_DESTINATION}\"\n\n    lipo -create \\\n    \"${SYMROOT}/${DEPLOY_CONFIG_NAME}-iphonesimulator/lib${PROJECT_NAME}.a\" \\\n    \"${SYMROOT}/${DEPLOY_CONFIG_NAME}-iphoneos/lib${PROJECT_NAME}.a\" \\\n    -output \"${DEPLOY_DESTINATION}/lib${PROJECT_NAME}.a\"\n\ndone";
		};
/* End PBXShellScriptBuildPhase section */

/* Begin PBXSourcesBuildPhase section */
		D2AAC07B0554694100DB518D /* Sources */ = {
			isa = PBXSourcesBuildPhase;
			buildActionMask = 2147483647;
			files = (
				EC87EC4813262E8C007DAEC9 /* CAStreamBasicDescription.cpp in Sources */,
				9D2F3F2614B52C2100812ACE /* AudioController.mm in Sources */,
				9D04382114BCDE9300526584 /* Sampler.mm in Sources */,
			);
			runOnlyForDeploymentPostprocessing = 0;
		};
/* End PBXSourcesBuildPhase section */

/* Begin PBXTargetDependency section */
		EC8D441E1385E4700096575B /* PBXTargetDependency */ = {
			isa = PBXTargetDependency;
			target = D2AAC07D0554694100DB518D /* gTarAudioController */;
			targetProxy = EC8D441D1385E4700096575B /* PBXContainerItemProxy */;
		};
		EC8D44201385E4780096575B /* PBXTargetDependency */ = {
			isa = PBXTargetDependency;
			target = EC8D44131385E0200096575B /* gTarAudioControllerBuildAll */;
			targetProxy = EC8D441F1385E4780096575B /* PBXContainerItemProxy */;
		};
		EC8D468C13860DE20096575B /* PBXTargetDependency */ = {
			isa = PBXTargetDependency;
			target = EC8D44181385E05B0096575B /* gTarAudioControllerDeploy */;
			targetProxy = EC8D468B13860DE20096575B /* PBXContainerItemProxy */;
		};
/* End PBXTargetDependency section */

/* Begin XCBuildConfiguration section */
		1DEB921F08733DC00010E9CD /* Debug */ = {
			isa = XCBuildConfiguration;
			buildSettings = {
				ALWAYS_SEARCH_USER_PATHS = NO;
				ARCHS = "$(ARCHS_STANDARD_32_BIT)";
				COPY_PHASE_STRIP = NO;
				DSTROOT = /tmp/gTarAudioController.dst;
				GCC_DYNAMIC_NO_PIC = NO;
				GCC_ENABLE_FIX_AND_CONTINUE = YES;
				GCC_MODEL_TUNING = G5;
				GCC_OPTIMIZATION_LEVEL = 0;
				GCC_PRECOMPILE_PREFIX_HEADER = YES;
				GCC_PREFIX_HEADER = gTarAudioController_Prefix.pch;
				INSTALL_PATH = /usr/local/lib;
				LIBRARY_SEARCH_PATHS = (
					"$(inherited)",
					"\"$(SRCROOT)/iZotope\"",
				);
				PRODUCT_NAME = gTarAudioController;
			};
			name = Debug;
		};
		1DEB922008733DC00010E9CD /* Release */ = {
			isa = XCBuildConfiguration;
			buildSettings = {
				ALWAYS_SEARCH_USER_PATHS = NO;
				ARCHS = "$(ARCHS_STANDARD_32_BIT)";
				DSTROOT = /tmp/gTarAudioController.dst;
				GCC_MODEL_TUNING = G5;
				GCC_PRECOMPILE_PREFIX_HEADER = YES;
				GCC_PREFIX_HEADER = gTarAudioController_Prefix.pch;
				INSTALL_PATH = /usr/local/lib;
				LIBRARY_SEARCH_PATHS = (
					"$(inherited)",
					"\"$(SRCROOT)/iZotope\"",
				);
				PRODUCT_NAME = gTarAudioController;
			};
			name = Release;
		};
		1DEB922308733DC00010E9CD /* Debug */ = {
			isa = XCBuildConfiguration;
			buildSettings = {
				ARCHS = "$(ARCHS_STANDARD_32_BIT)";
				DEPLOY_PATH = "${SRCROOT}/../Staticlibs";
				GCC_C_LANGUAGE_STANDARD = c99;
				GCC_OPTIMIZATION_LEVEL = 0;
				GCC_VERSION = com.apple.compilers.llvm.clang.1_0;
				GCC_WARN_ABOUT_RETURN_TYPE = YES;
				GCC_WARN_UNUSED_VARIABLE = YES;
				OTHER_LDFLAGS = "-ObjC";
				PREBINDING = NO;
				SDKROOT = iphoneos;
			};
			name = Debug;
		};
		1DEB922408733DC00010E9CD /* Release */ = {
			isa = XCBuildConfiguration;
			buildSettings = {
				ARCHS = "$(ARCHS_STANDARD_32_BIT)";
				DEPLOY_PATH = "${SRCROOT}/../Staticlibs";
				GCC_C_LANGUAGE_STANDARD = c99;
				GCC_VERSION = com.apple.compilers.llvm.clang.1_0;
				GCC_WARN_ABOUT_RETURN_TYPE = YES;
				GCC_WARN_UNUSED_VARIABLE = YES;
				OTHER_LDFLAGS = "-ObjC";
				PREBINDING = NO;
				SDKROOT = iphoneos;
			};
			name = Release;
		};
		EC8D44141385E0200096575B /* Debug */ = {
			isa = XCBuildConfiguration;
			buildSettings = {
				PRODUCT_NAME = "$(TARGET_NAME)";
			};
			name = Debug;
		};
		EC8D44151385E0200096575B /* Release */ = {
			isa = XCBuildConfiguration;
			buildSettings = {
				PRODUCT_NAME = "$(TARGET_NAME)";
			};
			name = Release;
		};
		EC8D441A1385E05B0096575B /* Debug */ = {
			isa = XCBuildConfiguration;
			buildSettings = {
				PRODUCT_NAME = "$(TARGET_NAME)";
			};
			name = Debug;
		};
		EC8D441B1385E05B0096575B /* Release */ = {
			isa = XCBuildConfiguration;
			buildSettings = {
				PRODUCT_NAME = "$(TARGET_NAME)";
			};
			name = Release;
		};
		EC8D468913860DD00096575B /* Debug */ = {
			isa = XCBuildConfiguration;
			buildSettings = {
				PRODUCT_NAME = "$(TARGET_NAME)";
			};
			name = Debug;
		};
		EC8D468A13860DD00096575B /* Release */ = {
			isa = XCBuildConfiguration;
			buildSettings = {
				PRODUCT_NAME = "$(TARGET_NAME)";
			};
			name = Release;
		};
/* End XCBuildConfiguration section */

/* Begin XCConfigurationList section */
		1DEB921E08733DC00010E9CD /* Build configuration list for PBXNativeTarget "gTarAudioController" */ = {
			isa = XCConfigurationList;
			buildConfigurations = (
				1DEB921F08733DC00010E9CD /* Debug */,
				1DEB922008733DC00010E9CD /* Release */,
			);
			defaultConfigurationIsVisible = 0;
			defaultConfigurationName = Release;
		};
		1DEB922208733DC00010E9CD /* Build configuration list for PBXProject "gTarAudioController" */ = {
			isa = XCConfigurationList;
			buildConfigurations = (
				1DEB922308733DC00010E9CD /* Debug */,
				1DEB922408733DC00010E9CD /* Release */,
			);
			defaultConfigurationIsVisible = 0;
			defaultConfigurationName = Release;
		};
		EC8D44161385E0200096575B /* Build configuration list for PBXAggregateTarget "gTarAudioControllerBuildAll" */ = {
			isa = XCConfigurationList;
			buildConfigurations = (
				EC8D44141385E0200096575B /* Debug */,
				EC8D44151385E0200096575B /* Release */,
			);
			defaultConfigurationIsVisible = 0;
			defaultConfigurationName = Release;
		};
		EC8D44191385E05B0096575B /* Build configuration list for PBXAggregateTarget "gTarAudioControllerDeploy" */ = {
			isa = XCConfigurationList;
			buildConfigurations = (
				EC8D441A1385E05B0096575B /* Debug */,
				EC8D441B1385E05B0096575B /* Release */,
			);
			defaultConfigurationIsVisible = 0;
			defaultConfigurationName = Release;
		};
		EC8D468813860DD00096575B /* Build configuration list for PBXAggregateTarget "gTarAudioControllerDeployHeaders" */ = {
			isa = XCConfigurationList;
			buildConfigurations = (
				EC8D468913860DD00096575B /* Debug */,
				EC8D468A13860DD00096575B /* Release */,
			);
			defaultConfigurationIsVisible = 0;
			defaultConfigurationName = Release;
		};
/* End XCConfigurationList section */
	};
	rootObject = 0867D690FE84028FC02AAC07 /* Project object */;
}
